// !$*UTF8*$!
{
	archiveVersion = 1;
	classes = {
	};
	objectVersion = 77;
	objects = {

/* Begin PBXBuildFile section */
		5F24DC332EA95FE60085FDDC /* main.swift in Sources */ = {isa = PBXBuildFile; fileRef = 5F24DC322EA95FE50085FDDC /* main.swift */; };
		5F41DDD52EE32745008FBF17 /* Map.swift in Sources */ = {isa = PBXBuildFile; fileRef = 5F41DDD42EE32744008FBF17 /* Map.swift */; };
		5F43D4A52EF051A80046AD2A /* Player.swift in Sources */ = {isa = PBXBuildFile; fileRef = 5F43D4A42EF051A80046AD2A /* Player.swift */; };
		5F51E5BE2EF308B400A711DF /* Swift.swift in Sources */ = {isa = PBXBuildFile; fileRef = 5F51E5BD2EF308B200A711DF /* Swift.swift */; };
		5F5560F72EF5AE0F00C08E14 /* TacticalMode.swift in Sources */ = {isa = PBXBuildFile; fileRef = 5F5560F62EF5AE0F00C08E14 /* TacticalMode.swift */; };
		5F5560FA2EF5B05D00C08E14 /* HQMode.swift in Sources */ = {isa = PBXBuildFile; fileRef = 5F5560F92EF5B05D00C08E14 /* HQMode.swift */; };
		5F5560FC2EF5B0CF00C08E14 /* HQNodes.swift in Sources */ = {isa = PBXBuildFile; fileRef = 5F5560FB2EF5B0CD00C08E14 /* HQNodes.swift */; };
		5F5560FF2EF5B2B900C08E14 /* HQState.swift in Sources */ = {isa = PBXBuildFile; fileRef = 5F5560FE2EF5B2B900C08E14 /* HQState.swift */; };
		5F5561052EF5B89B00C08E14 /* HQEvents.swift in Sources */ = {isa = PBXBuildFile; fileRef = 5F5561042EF5B89B00C08E14 /* HQEvents.swift */; };
		5F8E87312EB3BEEC0023B28F /* Speicher.swift in Sources */ = {isa = PBXBuildFile; fileRef = 5F8E87302EB3BEEC0023B28F /* Speicher.swift */; };
		5F8E87332EB3E1DD0023B28F /* Integers.swift in Sources */ = {isa = PBXBuildFile; fileRef = 5F8E87322EB3E1DA0023B28F /* Integers.swift */; };
		5F919D532EA9595D0037A208 /* Scene.swift in Sources */ = {isa = PBXBuildFile; fileRef = 5F2A33C42EA93AC3008A0A95 /* Scene.swift */; };
		5F919D542EA959670037A208 /* HIDController.swift in Sources */ = {isa = PBXBuildFile; fileRef = 5F2A33BD2EA93AC3008A0A95 /* HIDController.swift */; };
		5F919D562EA959670037A208 /* UnitSprites.swift in Sources */ = {isa = PBXBuildFile; fileRef = 5F2A33C02EA93AC3008A0A95 /* UnitSprites.swift */; };
		5F919D572EA959670037A208 /* TacticalNodes.swift in Sources */ = {isa = PBXBuildFile; fileRef = 5F2A33BC2EA93AC3008A0A95 /* TacticalNodes.swift */; };
		5F919D582EA959670037A208 /* SceneInput.swift in Sources */ = {isa = PBXBuildFile; fileRef = 5F2A33BA2EA93AC3008A0A95 /* SceneInput.swift */; };
		5F919D5A2EA959670037A208 /* TileSprites.swift in Sources */ = {isa = PBXBuildFile; fileRef = 5F2A33BF2EA93AC3008A0A95 /* TileSprites.swift */; };
		5F919D5B2EA959670037A208 /* TacticalEvents.swift in Sources */ = {isa = PBXBuildFile; fileRef = 5F2A33B92EA93AC3008A0A95 /* TacticalEvents.swift */; };
		5F919D5C2EA959670037A208 /* SpriteKit.swift in Sources */ = {isa = PBXBuildFile; fileRef = 5F2A33BE2EA93AC3008A0A95 /* SpriteKit.swift */; };
		5F919D5D2EA959670037A208 /* BaseNodes.swift in Sources */ = {isa = PBXBuildFile; fileRef = 5F2A33BB2EA93AC3008A0A95 /* BaseNodes.swift */; };
		5F919D5E2EA9596E0037A208 /* Unit.swift in Sources */ = {isa = PBXBuildFile; fileRef = 5F2A33B42EA93AC3008A0A95 /* Unit.swift */; };
		5F919D5F2EA9596E0037A208 /* UnitFactory.swift in Sources */ = {isa = PBXBuildFile; fileRef = 5F2A33B52EA93AC3008A0A95 /* UnitFactory.swift */; };
		5F919D602EA9596E0037A208 /* TacticalAI.swift in Sources */ = {isa = PBXBuildFile; fileRef = 5F2A33AB2EA93AC3008A0A95 /* TacticalAI.swift */; };
		5F919D612EA9596E0037A208 /* Arrays.swift in Sources */ = {isa = PBXBuildFile; fileRef = 5F2A33A82EA93AC3008A0A95 /* Arrays.swift */; };
		5F919D632EA9596E0037A208 /* Monoid.swift in Sources */ = {isa = PBXBuildFile; fileRef = 5F2A33B32EA93AC3008A0A95 /* Monoid.swift */; };
		5F919D642EA9596E0037A208 /* MenuState.swift in Sources */ = {isa = PBXBuildFile; fileRef = 5F2A33B22EA93AC3008A0A95 /* MenuState.swift */; };
		5F919D652EA9596E0037A208 /* TacticalStateFactory.swift in Sources */ = {isa = PBXBuildFile; fileRef = 5F2A33AE2EA93AC3008A0A95 /* TacticalStateFactory.swift */; };
		5F919D662EA9596E0037A208 /* TacticalShop.swift in Sources */ = {isa = PBXBuildFile; fileRef = 5F2A33AD2EA93AC3008A0A95 /* TacticalShop.swift */; };
		5F919D672EA9596E0037A208 /* Terrain.swift in Sources */ = {isa = PBXBuildFile; fileRef = 5F2A33B12EA93AC3008A0A95 /* Terrain.swift */; };
		5F919D682EA9596E0037A208 /* TacticalState.swift in Sources */ = {isa = PBXBuildFile; fileRef = 5F2A33A92EA93AC3008A0A95 /* TacticalState.swift */; };
		5F919D692EA9596E0037A208 /* XY.swift in Sources */ = {isa = PBXBuildFile; fileRef = 5F2A33AF2EA93AC3008A0A95 /* XY.swift */; };
		5F919D6A2EA9596E0037A208 /* TacticalActions.swift in Sources */ = {isa = PBXBuildFile; fileRef = 5F2A33AA2EA93AC3008A0A95 /* TacticalActions.swift */; };
		5F919D6B2EA9596E0037A208 /* TacticalInput.swift in Sources */ = {isa = PBXBuildFile; fileRef = 5F2A33AC2EA93AC3008A0A95 /* TacticalInput.swift */; };
		5F919D6C2EA959FA0037A208 /* boom-l.wav in Resources */ = {isa = PBXBuildFile; fileRef = 5F2A33A42EA93AC3008A0A95 /* boom-l.wav */; };
		5F919D6D2EA959FA0037A208 /* boom-s.wav in Resources */ = {isa = PBXBuildFile; fileRef = 5F2A33A62EA93AC3008A0A95 /* boom-s.wav */; };
		5F919D6E2EA959FA0037A208 /* boom-m.wav in Resources */ = {isa = PBXBuildFile; fileRef = 5F2A33A52EA93AC3008A0A95 /* boom-m.wav */; };
		5F919D6F2EA959FD0037A208 /* Assets.xcassets in Resources */ = {isa = PBXBuildFile; fileRef = 5F2A33C32EA93AC3008A0A95 /* Assets.xcassets */; };
		5FA0F0972EF21C3A0022EC68 /* SetXY.swift in Sources */ = {isa = PBXBuildFile; fileRef = 5FA0F0962EF21C3A0022EC68 /* SetXY.swift */; };
		5FA0F0992EF2255B0022EC68 /* D20.swift in Sources */ = {isa = PBXBuildFile; fileRef = 5FA0F0982EF2255B0022EC68 /* D20.swift */; };
		5FB4D0D52EAE26240010E702 /* TacticalAttack.swift in Sources */ = {isa = PBXBuildFile; fileRef = 5FB4D0D42EAE261E0010E702 /* TacticalAttack.swift */; };
		5FB4D1262EAFABCB0010E702 /* TacticalTurns.swift in Sources */ = {isa = PBXBuildFile; fileRef = 5FB4D1252EAFABCB0010E702 /* TacticalTurns.swift */; };
		5FBA4D7B2EF6DB7900D7C1B0 /* AppKit.swift in Sources */ = {isa = PBXBuildFile; fileRef = 5FBA4D7A2EF6DB7700D7C1B0 /* AppKit.swift */; };
		5FBA4D7E2EF6E26800D7C1B0 /* StrategicState.swift in Sources */ = {isa = PBXBuildFile; fileRef = 5FBA4D7D2EF6E26200D7C1B0 /* StrategicState.swift */; };
		5FBA4D802EF6FD8900D7C1B0 /* Core.swift in Sources */ = {isa = PBXBuildFile; fileRef = 5FBA4D7F2EF6FD8800D7C1B0 /* Core.swift */; };
		5FBA4D832EF7016F00D7C1B0 /* Input.swift in Sources */ = {isa = PBXBuildFile; fileRef = 5FBA4D822EF7016D00D7C1B0 /* Input.swift */; };
		5FCABBC82EAA701D008EE894 /* mov.wav in Resources */ = {isa = PBXBuildFile; fileRef = 5FCABBC72EAA701D008EE894 /* mov.wav */; };
		5FCABBCA2EAA787D008EE894 /* Strings.swift in Sources */ = {isa = PBXBuildFile; fileRef = 5FCABBC92EAA787B008EE894 /* Strings.swift */; };
		5FE3C16C2F0C51EE00C522D3 /* MapNodes.swift in Sources */ = {isa = PBXBuildFile; fileRef = 5FE3C16B2F0C51EE00C522D3 /* MapNodes.swift */; };
		5FF200772EF44FC500B659E7 /* SceneMode.swift in Sources */ = {isa = PBXBuildFile; fileRef = 5FF200762EF44FC500B659E7 /* SceneMode.swift */; };
		5FF679772F06FB1300586323 /* TacticalMove.swift in Sources */ = {isa = PBXBuildFile; fileRef = 5FF679762F06FB0D00586323 /* TacticalMove.swift */; };
		5FF679792F08694A00586323 /* Crystal.swift in Sources */ = {isa = PBXBuildFile; fileRef = 5FF679782F08694A00586323 /* Crystal.swift */; };
		5FF7EB3D2EB6428F00E287FF /* MapGeneration.swift in Sources */ = {isa = PBXBuildFile; fileRef = 5FF7EB3C2EB6428B00E287FF /* MapGeneration.swift */; };
/* End PBXBuildFile section */

/* Begin PBXFileReference section */
		5F24DC322EA95FE50085FDDC /* main.swift */ = {isa = PBXFileReference; lastKnownFileType = sourcecode.swift; path = main.swift; sourceTree = "<group>"; };
		5F2A33A42EA93AC3008A0A95 /* boom-l.wav */ = {isa = PBXFileReference; lastKnownFileType = audio.wav; path = "boom-l.wav"; sourceTree = "<group>"; };
		5F2A33A52EA93AC3008A0A95 /* boom-m.wav */ = {isa = PBXFileReference; lastKnownFileType = audio.wav; path = "boom-m.wav"; sourceTree = "<group>"; };
		5F2A33A62EA93AC3008A0A95 /* boom-s.wav */ = {isa = PBXFileReference; lastKnownFileType = audio.wav; path = "boom-s.wav"; sourceTree = "<group>"; };
		5F2A33A82EA93AC3008A0A95 /* Arrays.swift */ = {isa = PBXFileReference; lastKnownFileType = sourcecode.swift; path = Arrays.swift; sourceTree = "<group>"; };
		5F2A33A92EA93AC3008A0A95 /* TacticalState.swift */ = {isa = PBXFileReference; lastKnownFileType = sourcecode.swift; path = TacticalState.swift; sourceTree = "<group>"; };
		5F2A33AA2EA93AC3008A0A95 /* TacticalActions.swift */ = {isa = PBXFileReference; lastKnownFileType = sourcecode.swift; path = TacticalActions.swift; sourceTree = "<group>"; };
		5F2A33AB2EA93AC3008A0A95 /* TacticalAI.swift */ = {isa = PBXFileReference; lastKnownFileType = sourcecode.swift; path = TacticalAI.swift; sourceTree = "<group>"; };
		5F2A33AC2EA93AC3008A0A95 /* TacticalInput.swift */ = {isa = PBXFileReference; lastKnownFileType = sourcecode.swift; path = TacticalInput.swift; sourceTree = "<group>"; };
		5F2A33AD2EA93AC3008A0A95 /* TacticalShop.swift */ = {isa = PBXFileReference; lastKnownFileType = sourcecode.swift; path = TacticalShop.swift; sourceTree = "<group>"; };
		5F2A33AE2EA93AC3008A0A95 /* TacticalStateFactory.swift */ = {isa = PBXFileReference; lastKnownFileType = sourcecode.swift; path = TacticalStateFactory.swift; sourceTree = "<group>"; };
		5F2A33AF2EA93AC3008A0A95 /* XY.swift */ = {isa = PBXFileReference; lastKnownFileType = sourcecode.swift; path = XY.swift; sourceTree = "<group>"; };
		5F2A33B12EA93AC3008A0A95 /* Terrain.swift */ = {isa = PBXFileReference; lastKnownFileType = sourcecode.swift; path = Terrain.swift; sourceTree = "<group>"; };
		5F2A33B22EA93AC3008A0A95 /* MenuState.swift */ = {isa = PBXFileReference; lastKnownFileType = sourcecode.swift; path = MenuState.swift; sourceTree = "<group>"; };
		5F2A33B32EA93AC3008A0A95 /* Monoid.swift */ = {isa = PBXFileReference; lastKnownFileType = sourcecode.swift; path = Monoid.swift; sourceTree = "<group>"; };
		5F2A33B42EA93AC3008A0A95 /* Unit.swift */ = {isa = PBXFileReference; lastKnownFileType = sourcecode.swift; path = Unit.swift; sourceTree = "<group>"; };
		5F2A33B52EA93AC3008A0A95 /* UnitFactory.swift */ = {isa = PBXFileReference; lastKnownFileType = sourcecode.swift; path = UnitFactory.swift; sourceTree = "<group>"; };
		5F2A33B92EA93AC3008A0A95 /* TacticalEvents.swift */ = {isa = PBXFileReference; lastKnownFileType = sourcecode.swift; path = TacticalEvents.swift; sourceTree = "<group>"; };
		5F2A33BA2EA93AC3008A0A95 /* SceneInput.swift */ = {isa = PBXFileReference; lastKnownFileType = sourcecode.swift; path = SceneInput.swift; sourceTree = "<group>"; };
		5F2A33BB2EA93AC3008A0A95 /* BaseNodes.swift */ = {isa = PBXFileReference; lastKnownFileType = sourcecode.swift; path = BaseNodes.swift; sourceTree = "<group>"; };
		5F2A33BC2EA93AC3008A0A95 /* TacticalNodes.swift */ = {isa = PBXFileReference; lastKnownFileType = sourcecode.swift; path = TacticalNodes.swift; sourceTree = "<group>"; };
		5F2A33BD2EA93AC3008A0A95 /* HIDController.swift */ = {isa = PBXFileReference; lastKnownFileType = sourcecode.swift; path = HIDController.swift; sourceTree = "<group>"; };
		5F2A33BE2EA93AC3008A0A95 /* SpriteKit.swift */ = {isa = PBXFileReference; lastKnownFileType = sourcecode.swift; path = SpriteKit.swift; sourceTree = "<group>"; };
		5F2A33BF2EA93AC3008A0A95 /* TileSprites.swift */ = {isa = PBXFileReference; lastKnownFileType = sourcecode.swift; path = TileSprites.swift; sourceTree = "<group>"; };
		5F2A33C02EA93AC3008A0A95 /* UnitSprites.swift */ = {isa = PBXFileReference; lastKnownFileType = sourcecode.swift; path = UnitSprites.swift; sourceTree = "<group>"; };
		5F2A33C32EA93AC3008A0A95 /* Assets.xcassets */ = {isa = PBXFileReference; lastKnownFileType = folder.assetcatalog; path = Assets.xcassets; sourceTree = "<group>"; };
		5F2A33C42EA93AC3008A0A95 /* Scene.swift */ = {isa = PBXFileReference; lastKnownFileType = sourcecode.swift; path = Scene.swift; sourceTree = "<group>"; };
		5F41DDD42EE32744008FBF17 /* Map.swift */ = {isa = PBXFileReference; lastKnownFileType = sourcecode.swift; path = Map.swift; sourceTree = "<group>"; };
		5F43D4A42EF051A80046AD2A /* Player.swift */ = {isa = PBXFileReference; lastKnownFileType = sourcecode.swift; path = Player.swift; sourceTree = "<group>"; };
		5F51E5BD2EF308B200A711DF /* Swift.swift */ = {isa = PBXFileReference; lastKnownFileType = sourcecode.swift; path = Swift.swift; sourceTree = "<group>"; };
		5F5560F62EF5AE0F00C08E14 /* TacticalMode.swift */ = {isa = PBXFileReference; lastKnownFileType = sourcecode.swift; path = TacticalMode.swift; sourceTree = "<group>"; };
		5F5560F92EF5B05D00C08E14 /* HQMode.swift */ = {isa = PBXFileReference; lastKnownFileType = sourcecode.swift; path = HQMode.swift; sourceTree = "<group>"; };
		5F5560FB2EF5B0CD00C08E14 /* HQNodes.swift */ = {isa = PBXFileReference; lastKnownFileType = sourcecode.swift; path = HQNodes.swift; sourceTree = "<group>"; };
		5F5560FE2EF5B2B900C08E14 /* HQState.swift */ = {isa = PBXFileReference; lastKnownFileType = sourcecode.swift; path = HQState.swift; sourceTree = "<group>"; };
		5F5561042EF5B89B00C08E14 /* HQEvents.swift */ = {isa = PBXFileReference; lastKnownFileType = sourcecode.swift; path = HQEvents.swift; sourceTree = "<group>"; };
		5F8E87302EB3BEEC0023B28F /* Speicher.swift */ = {isa = PBXFileReference; lastKnownFileType = sourcecode.swift; path = Speicher.swift; sourceTree = "<group>"; };
		5F8E87322EB3E1DA0023B28F /* Integers.swift */ = {isa = PBXFileReference; lastKnownFileType = sourcecode.swift; path = Integers.swift; sourceTree = "<group>"; };
		5F919D2C2EA9564A0037A208 /* PG.app */ = {isa = PBXFileReference; explicitFileType = wrapper.application; includeInIndex = 0; path = PG.app; sourceTree = BUILT_PRODUCTS_DIR; };
		5F919D702EA95ADF0037A208 /* Info.plist */ = {isa = PBXFileReference; lastKnownFileType = text.plist.xml; path = Info.plist; sourceTree = "<group>"; };
		5FA0F0962EF21C3A0022EC68 /* SetXY.swift */ = {isa = PBXFileReference; lastKnownFileType = sourcecode.swift; path = SetXY.swift; sourceTree = "<group>"; };
		5FA0F0982EF2255B0022EC68 /* D20.swift */ = {isa = PBXFileReference; lastKnownFileType = sourcecode.swift; path = D20.swift; sourceTree = "<group>"; };
		5FB297482E79A39000FA039B /* README.md */ = {isa = PBXFileReference; lastKnownFileType = net.daringfireball.markdown; path = README.md; sourceTree = "<group>"; };
		5FB4D0D42EAE261E0010E702 /* TacticalAttack.swift */ = {isa = PBXFileReference; lastKnownFileType = sourcecode.swift; path = TacticalAttack.swift; sourceTree = "<group>"; };
		5FB4D1252EAFABCB0010E702 /* TacticalTurns.swift */ = {isa = PBXFileReference; lastKnownFileType = sourcecode.swift; path = TacticalTurns.swift; sourceTree = "<group>"; };
		5FBA4D7A2EF6DB7700D7C1B0 /* AppKit.swift */ = {isa = PBXFileReference; lastKnownFileType = sourcecode.swift; path = AppKit.swift; sourceTree = "<group>"; };
		5FBA4D7D2EF6E26200D7C1B0 /* StrategicState.swift */ = {isa = PBXFileReference; lastKnownFileType = sourcecode.swift; path = StrategicState.swift; sourceTree = "<group>"; };
		5FBA4D7F2EF6FD8800D7C1B0 /* Core.swift */ = {isa = PBXFileReference; lastKnownFileType = sourcecode.swift; path = Core.swift; sourceTree = "<group>"; };
		5FBA4D822EF7016D00D7C1B0 /* Input.swift */ = {isa = PBXFileReference; lastKnownFileType = sourcecode.swift; path = Input.swift; sourceTree = "<group>"; };
		5FCABBC72EAA701D008EE894 /* mov.wav */ = {isa = PBXFileReference; lastKnownFileType = audio.wav; path = mov.wav; sourceTree = "<group>"; };
		5FCABBC92EAA787B008EE894 /* Strings.swift */ = {isa = PBXFileReference; lastKnownFileType = sourcecode.swift; path = Strings.swift; sourceTree = "<group>"; };
		5FE3C16B2F0C51EE00C522D3 /* MapNodes.swift */ = {isa = PBXFileReference; lastKnownFileType = sourcecode.swift; path = MapNodes.swift; sourceTree = "<group>"; };
		5FF200762EF44FC500B659E7 /* SceneMode.swift */ = {isa = PBXFileReference; lastKnownFileType = sourcecode.swift; path = SceneMode.swift; sourceTree = "<group>"; };
		5FF679762F06FB0D00586323 /* TacticalMove.swift */ = {isa = PBXFileReference; lastKnownFileType = sourcecode.swift; path = TacticalMove.swift; sourceTree = "<group>"; };
		5FF679782F08694A00586323 /* Crystal.swift */ = {isa = PBXFileReference; lastKnownFileType = sourcecode.swift; path = Crystal.swift; sourceTree = "<group>"; };
		5FF7EB3C2EB6428B00E287FF /* MapGeneration.swift */ = {isa = PBXFileReference; lastKnownFileType = sourcecode.swift; path = MapGeneration.swift; sourceTree = "<group>"; };
/* End PBXFileReference section */

/* Begin PBXFrameworksBuildPhase section */
		5F919D292EA9564A0037A208 /* Frameworks */ = {
			isa = PBXFrameworksBuildPhase;
			buildActionMask = 2147483647;
			files = (
			);
			runOnlyForDeploymentPostprocessing = 0;
		};
/* End PBXFrameworksBuildPhase section */

/* Begin PBXGroup section */
		5F2A33A72EA93AC3008A0A95 /* Sounds */ = {
			isa = PBXGroup;
			children = (
				5F2A33A62EA93AC3008A0A95 /* boom-s.wav */,
				5F2A33A52EA93AC3008A0A95 /* boom-m.wav */,
				5F2A33A42EA93AC3008A0A95 /* boom-l.wav */,
				5FCABBC72EAA701D008EE894 /* mov.wav */,
			);
			path = Sounds;
			sourceTree = "<group>";
		};
		5F2A33C12EA93AC3008A0A95 /* Scenes */ = {
			isa = PBXGroup;
			children = (
				5F5560F42EF5ADC500C08E14 /* Base */,
				5F5560F82EF5B04C00C08E14 /* HQ */,
				5FBA4D7C2EF6E24F00D7C1B0 /* Strategic */,
				5F5560F52EF5ADDB00C08E14 /* Tactical */,
			);
			path = Scenes;
			sourceTree = "<group>";
		};
		5F5560F42EF5ADC500C08E14 /* Base */ = {
			isa = PBXGroup;
			children = (
				5F5561012EF5B5A700C08E14 /* State */,
				5FF200762EF44FC500B659E7 /* SceneMode.swift */,
				5F2A33C42EA93AC3008A0A95 /* Scene.swift */,
				5F2A33BA2EA93AC3008A0A95 /* SceneInput.swift */,
				5F2A33BD2EA93AC3008A0A95 /* HIDController.swift */,
				5F2A33BB2EA93AC3008A0A95 /* BaseNodes.swift */,
				5FE3C16B2F0C51EE00C522D3 /* MapNodes.swift */,
				5F2A33BF2EA93AC3008A0A95 /* TileSprites.swift */,
				5FCABBC92EAA787B008EE894 /* Strings.swift */,
			);
			path = Base;
			sourceTree = "<group>";
		};
		5F5560F52EF5ADDB00C08E14 /* Tactical */ = {
			isa = PBXGroup;
			children = (
				5F5560FD2EF5B0E400C08E14 /* State */,
				5F5560F62EF5AE0F00C08E14 /* TacticalMode.swift */,
				5F2A33BC2EA93AC3008A0A95 /* TacticalNodes.swift */,
				5F2A33B92EA93AC3008A0A95 /* TacticalEvents.swift */,
				5F2A33C02EA93AC3008A0A95 /* UnitSprites.swift */,
			);
			path = Tactical;
			sourceTree = "<group>";
		};
		5F5560F82EF5B04C00C08E14 /* HQ */ = {
			isa = PBXGroup;
			children = (
				5F5561002EF5B55300C08E14 /* State */,
				5F5560F92EF5B05D00C08E14 /* HQMode.swift */,
				5F5560FB2EF5B0CD00C08E14 /* HQNodes.swift */,
				5F5561042EF5B89B00C08E14 /* HQEvents.swift */,
			);
			path = HQ;
			sourceTree = "<group>";
		};
		5F5560FD2EF5B0E400C08E14 /* State */ = {
			isa = PBXGroup;
			children = (
				5F2A33A92EA93AC3008A0A95 /* TacticalState.swift */,
				5F2A33AA2EA93AC3008A0A95 /* TacticalActions.swift */,
				5FF679762F06FB0D00586323 /* TacticalMove.swift */,
				5FB4D1252EAFABCB0010E702 /* TacticalTurns.swift */,
				5FB4D0D42EAE261E0010E702 /* TacticalAttack.swift */,
				5F2A33AB2EA93AC3008A0A95 /* TacticalAI.swift */,
				5F2A33AC2EA93AC3008A0A95 /* TacticalInput.swift */,
				5F2A33AD2EA93AC3008A0A95 /* TacticalShop.swift */,
				5F2A33B12EA93AC3008A0A95 /* Terrain.swift */,
				5F43D4A42EF051A80046AD2A /* Player.swift */,
				5F2A33B42EA93AC3008A0A95 /* Unit.swift */,
				5FF679782F08694A00586323 /* Crystal.swift */,
				5F2A33AE2EA93AC3008A0A95 /* TacticalStateFactory.swift */,
				5F2A33B52EA93AC3008A0A95 /* UnitFactory.swift */,
				5FF7EB3C2EB6428B00E287FF /* MapGeneration.swift */,
			);
			path = State;
			sourceTree = "<group>";
		};
		5F5561002EF5B55300C08E14 /* State */ = {
			isa = PBXGroup;
			children = (
				5F5560FE2EF5B2B900C08E14 /* HQState.swift */,
			);
			path = State;
			sourceTree = "<group>";
		};
		5F5561012EF5B5A700C08E14 /* State */ = {
			isa = PBXGroup;
			children = (
				5F2A33B22EA93AC3008A0A95 /* MenuState.swift */,
			);
			path = State;
			sourceTree = "<group>";
		};
		5F8E87342EB3E1F20023B28F /* Core */ = {
			isa = PBXGroup;
			children = (
				5FBA4D852EF7048E00D7C1B0 /* Containers */,
				5FBA4D862EF704A400D7C1B0 /* Types */,
				5FBA4D842EF7047600D7C1B0 /* Extensions */,
				5FBA4D7F2EF6FD8800D7C1B0 /* Core.swift */,
			);
			path = Core;
			sourceTree = "<group>";
		};
		5F919D4A2EA9579B0037A208 /* PG */ = {
			isa = PBXGroup;
			children = (
				5F8E87342EB3E1F20023B28F /* Core */,
				5F2A33C12EA93AC3008A0A95 /* Scenes */,
				5F2A33A72EA93AC3008A0A95 /* Sounds */,
				5F24DC322EA95FE50085FDDC /* main.swift */,
				5F2A33C32EA93AC3008A0A95 /* Assets.xcassets */,
				5F919D702EA95ADF0037A208 /* Info.plist */,
			);
			path = PG;
			sourceTree = "<group>";
		};
		5FBA4D7C2EF6E24F00D7C1B0 /* Strategic */ = {
			isa = PBXGroup;
			children = (
				5FBA4D812EF6FF0D00D7C1B0 /* State */,
			);
			path = Strategic;
			sourceTree = "<group>";
		};
		5FBA4D812EF6FF0D00D7C1B0 /* State */ = {
			isa = PBXGroup;
			children = (
				5FBA4D7D2EF6E26200D7C1B0 /* StrategicState.swift */,
			);
			path = State;
			sourceTree = "<group>";
		};
		5FBA4D842EF7047600D7C1B0 /* Extensions */ = {
			isa = PBXGroup;
			children = (
				5F51E5BD2EF308B200A711DF /* Swift.swift */,
				5FBA4D7A2EF6DB7700D7C1B0 /* AppKit.swift */,
				5F2A33BE2EA93AC3008A0A95 /* SpriteKit.swift */,
				5F8E87322EB3E1DA0023B28F /* Integers.swift */,
			);
			path = Extensions;
			sourceTree = "<group>";
		};
		5FBA4D852EF7048E00D7C1B0 /* Containers */ = {
			isa = PBXGroup;
			children = (
				5F2A33B32EA93AC3008A0A95 /* Monoid.swift */,
				5F2A33A82EA93AC3008A0A95 /* Arrays.swift */,
				5F8E87302EB3BEEC0023B28F /* Speicher.swift */,
				5F41DDD42EE32744008FBF17 /* Map.swift */,
				5FA0F0962EF21C3A0022EC68 /* SetXY.swift */,
			);
			path = Containers;
			sourceTree = "<group>";
		};
		5FBA4D862EF704A400D7C1B0 /* Types */ = {
			isa = PBXGroup;
			children = (
				5FBA4D822EF7016D00D7C1B0 /* Input.swift */,
				5F2A33AF2EA93AC3008A0A95 /* XY.swift */,
				5FA0F0982EF2255B0022EC68 /* D20.swift */,
			);
			path = Types;
			sourceTree = "<group>";
		};
		5FCB86272E77041300C2C69E = {
			isa = PBXGroup;
			children = (
				5FB297482E79A39000FA039B /* README.md */,
				5F919D4A2EA9579B0037A208 /* PG */,
				5FCB86362E77041800C2C69E /* Products */,
			);
			sourceTree = "<group>";
		};
		5FCB86362E77041800C2C69E /* Products */ = {
			isa = PBXGroup;
			children = (
				5F919D2C2EA9564A0037A208 /* PG.app */,
			);
			name = Products;
			sourceTree = "<group>";
		};
/* End PBXGroup section */

/* Begin PBXNativeTarget section */
		5F919D2B2EA9564A0037A208 /* PG */ = {
			isa = PBXNativeTarget;
			buildConfigurationList = 5F919D3D2EA9564A0037A208 /* Build configuration list for PBXNativeTarget "PG" */;
			buildPhases = (
				5F919D282EA9564A0037A208 /* Sources */,
				5F919D292EA9564A0037A208 /* Frameworks */,
				5F919D2A2EA9564A0037A208 /* Resources */,
			);
			buildRules = (
			);
			dependencies = (
			);
			name = PG;
			packageProductDependencies = (
			);
			productName = Hex;
			productReference = 5F919D2C2EA9564A0037A208 /* PG.app */;
			productType = "com.apple.product-type.application";
		};
/* End PBXNativeTarget section */

/* Begin PBXProject section */
		5FCB86282E77041300C2C69E /* Project object */ = {
			isa = PBXProject;
			attributes = {
				BuildIndependentTargetsInParallel = 1;
				LastSwiftUpdateCheck = 2600;
				LastUpgradeCheck = 2620;
				TargetAttributes = {
					5F919D2B2EA9564A0037A208 = {
						CreatedOnToolsVersion = 26.0.1;
					};
				};
			};
			buildConfigurationList = 5FCB862B2E77041300C2C69E /* Build configuration list for PBXProject "PG" */;
			developmentRegion = en;
			hasScannedForEncodings = 0;
			knownRegions = (
				en,
				Base,
			);
			mainGroup = 5FCB86272E77041300C2C69E;
			minimizedProjectReferenceProxies = 1;
			preferredProjectObjectVersion = 77;
			productRefGroup = 5FCB86362E77041800C2C69E /* Products */;
			projectDirPath = "";
			projectRoot = "";
			targets = (
				5F919D2B2EA9564A0037A208 /* PG */,
			);
		};
/* End PBXProject section */

/* Begin PBXResourcesBuildPhase section */
		5F919D2A2EA9564A0037A208 /* Resources */ = {
			isa = PBXResourcesBuildPhase;
			buildActionMask = 2147483647;
			files = (
				5F919D6C2EA959FA0037A208 /* boom-l.wav in Resources */,
				5F919D6D2EA959FA0037A208 /* boom-s.wav in Resources */,
				5F919D6F2EA959FD0037A208 /* Assets.xcassets in Resources */,
				5FCABBC82EAA701D008EE894 /* mov.wav in Resources */,
				5F919D6E2EA959FA0037A208 /* boom-m.wav in Resources */,
			);
			runOnlyForDeploymentPostprocessing = 0;
		};
/* End PBXResourcesBuildPhase section */

/* Begin PBXSourcesBuildPhase section */
		5F919D282EA9564A0037A208 /* Sources */ = {
			isa = PBXSourcesBuildPhase;
			buildActionMask = 2147483647;
			files = (
				5FE3C16C2F0C51EE00C522D3 /* MapNodes.swift in Sources */,
				5FF200772EF44FC500B659E7 /* SceneMode.swift in Sources */,
				5F919D542EA959670037A208 /* HIDController.swift in Sources */,
				5F919D5E2EA9596E0037A208 /* Unit.swift in Sources */,
				5F919D5F2EA9596E0037A208 /* UnitFactory.swift in Sources */,
				5FA0F0972EF21C3A0022EC68 /* SetXY.swift in Sources */,
				5F5561052EF5B89B00C08E14 /* HQEvents.swift in Sources */,
				5F919D602EA9596E0037A208 /* TacticalAI.swift in Sources */,
				5F919D612EA9596E0037A208 /* Arrays.swift in Sources */,
				5F919D632EA9596E0037A208 /* Monoid.swift in Sources */,
				5F8E87332EB3E1DD0023B28F /* Integers.swift in Sources */,
				5FCABBCA2EAA787D008EE894 /* Strings.swift in Sources */,
				5F919D642EA9596E0037A208 /* MenuState.swift in Sources */,
				5F5560FA2EF5B05D00C08E14 /* HQMode.swift in Sources */,
				5F919D652EA9596E0037A208 /* TacticalStateFactory.swift in Sources */,
				5FBA4D832EF7016F00D7C1B0 /* Input.swift in Sources */,
				5FBA4D7E2EF6E26800D7C1B0 /* StrategicState.swift in Sources */,
				5F41DDD52EE32745008FBF17 /* Map.swift in Sources */,
				5F919D662EA9596E0037A208 /* TacticalShop.swift in Sources */,
				5F8E87312EB3BEEC0023B28F /* Speicher.swift in Sources */,
				5FF679772F06FB1300586323 /* TacticalMove.swift in Sources */,
				5F43D4A52EF051A80046AD2A /* Player.swift in Sources */,
				5F24DC332EA95FE60085FDDC /* main.swift in Sources */,
				5F919D672EA9596E0037A208 /* Terrain.swift in Sources */,
				5F919D682EA9596E0037A208 /* TacticalState.swift in Sources */,
				5F919D692EA9596E0037A208 /* XY.swift in Sources */,
				5FA0F0992EF2255B0022EC68 /* D20.swift in Sources */,
				5F5560FC2EF5B0CF00C08E14 /* HQNodes.swift in Sources */,
				5FF7EB3D2EB6428F00E287FF /* MapGeneration.swift in Sources */,
				5F919D6A2EA9596E0037A208 /* TacticalActions.swift in Sources */,
				5FB4D1262EAFABCB0010E702 /* TacticalTurns.swift in Sources */,
				5FF679792F08694A00586323 /* Crystal.swift in Sources */,
				5F919D6B2EA9596E0037A208 /* TacticalInput.swift in Sources */,
				5F5560F72EF5AE0F00C08E14 /* TacticalMode.swift in Sources */,
				5F919D562EA959670037A208 /* UnitSprites.swift in Sources */,
				5FBA4D7B2EF6DB7900D7C1B0 /* AppKit.swift in Sources */,
				5F919D572EA959670037A208 /* TacticalNodes.swift in Sources */,
				5FB4D0D52EAE26240010E702 /* TacticalAttack.swift in Sources */,
				5F51E5BE2EF308B400A711DF /* Swift.swift in Sources */,
				5F919D582EA959670037A208 /* SceneInput.swift in Sources */,
				5FBA4D802EF6FD8900D7C1B0 /* Core.swift in Sources */,
				5F919D5A2EA959670037A208 /* TileSprites.swift in Sources */,
				5F919D5B2EA959670037A208 /* TacticalEvents.swift in Sources */,
				5F919D5C2EA959670037A208 /* SpriteKit.swift in Sources */,
				5F919D5D2EA959670037A208 /* BaseNodes.swift in Sources */,
				5F5560FF2EF5B2B900C08E14 /* HQState.swift in Sources */,
				5F919D532EA9595D0037A208 /* Scene.swift in Sources */,
			);
			runOnlyForDeploymentPostprocessing = 0;
		};
/* End PBXSourcesBuildPhase section */

/* Begin XCBuildConfiguration section */
		5F919D3E2EA9564A0037A208 /* Debug */ = {
			isa = XCBuildConfiguration;
			buildSettings = {
				ASSETCATALOG_COMPILER_APPICON_NAME = AppIcon;
				ASSETCATALOG_COMPILER_GLOBAL_ACCENT_COLOR_NAME = AccentColor;
				CODE_SIGN_STYLE = Automatic;
				COMBINE_HIDPI_IMAGES = YES;
				CURRENT_PROJECT_VERSION = 1;
				ENABLE_APP_SANDBOX = YES;
				ENABLE_USER_SELECTED_FILES = readonly;
				INFOPLIST_FILE = PG/Info.plist;
				INFOPLIST_KEY_GCSupportsControllerUserInteraction = YES;
				INFOPLIST_KEY_NSHumanReadableCopyright = "";
				MARKETING_VERSION = 1.0;
				PRODUCT_BUNDLE_IDENTIFIER = p0.pg;
				PRODUCT_NAME = "$(TARGET_NAME)";
				REGISTER_APP_GROUPS = YES;
				STRING_CATALOG_GENERATE_SYMBOLS = YES;
				SWIFT_EMIT_LOC_STRINGS = YES;
				SWIFT_UPCOMING_FEATURE_MEMBER_IMPORT_VISIBILITY = YES;
				SWIFT_VERSION = 5.0;
			};
			name = Debug;
		};
		5F919D3F2EA9564A0037A208 /* Release */ = {
			isa = XCBuildConfiguration;
			buildSettings = {
				ASSETCATALOG_COMPILER_APPICON_NAME = AppIcon;
				ASSETCATALOG_COMPILER_GLOBAL_ACCENT_COLOR_NAME = AccentColor;
				CODE_SIGN_STYLE = Automatic;
				COMBINE_HIDPI_IMAGES = YES;
				CURRENT_PROJECT_VERSION = 1;
				ENABLE_APP_SANDBOX = YES;
				ENABLE_USER_SELECTED_FILES = readonly;
				INFOPLIST_FILE = PG/Info.plist;
				INFOPLIST_KEY_GCSupportsControllerUserInteraction = YES;
				INFOPLIST_KEY_NSHumanReadableCopyright = "";
				MARKETING_VERSION = 1.0;
				PRODUCT_BUNDLE_IDENTIFIER = p0.pg;
				PRODUCT_NAME = "$(TARGET_NAME)";
				REGISTER_APP_GROUPS = YES;
				STRING_CATALOG_GENERATE_SYMBOLS = YES;
				SWIFT_EMIT_LOC_STRINGS = YES;
				SWIFT_UPCOMING_FEATURE_MEMBER_IMPORT_VISIBILITY = YES;
				SWIFT_VERSION = 5.0;
			};
			name = Release;
		};
		5FCB86782E77041800C2C69E /* Debug */ = {
			isa = XCBuildConfiguration;
			buildSettings = {
				ALWAYS_SEARCH_USER_PATHS = NO;
				ASSETCATALOG_COMPILER_GENERATE_SWIFT_ASSET_SYMBOL_EXTENSIONS = YES;
				CLANG_ANALYZER_NONNULL = YES;
				CLANG_ANALYZER_NUMBER_OBJECT_CONVERSION = YES_AGGRESSIVE;
				CLANG_CXX_LANGUAGE_STANDARD = "gnu++20";
				CLANG_ENABLE_MODULES = YES;
				CLANG_ENABLE_OBJC_ARC = YES;
				CLANG_ENABLE_OBJC_WEAK = YES;
				CLANG_WARN_BLOCK_CAPTURE_AUTORELEASING = YES;
				CLANG_WARN_BOOL_CONVERSION = YES;
				CLANG_WARN_COMMA = YES;
				CLANG_WARN_CONSTANT_CONVERSION = YES;
				CLANG_WARN_DEPRECATED_OBJC_IMPLEMENTATIONS = YES;
				CLANG_WARN_DIRECT_OBJC_ISA_USAGE = YES_ERROR;
				CLANG_WARN_DOCUMENTATION_COMMENTS = YES;
				CLANG_WARN_EMPTY_BODY = YES;
				CLANG_WARN_ENUM_CONVERSION = YES;
				CLANG_WARN_INFINITE_RECURSION = YES;
				CLANG_WARN_INT_CONVERSION = YES;
				CLANG_WARN_NON_LITERAL_NULL_CONVERSION = YES;
				CLANG_WARN_OBJC_IMPLICIT_RETAIN_SELF = YES;
				CLANG_WARN_OBJC_LITERAL_CONVERSION = YES;
				CLANG_WARN_OBJC_ROOT_CLASS = YES_ERROR;
				CLANG_WARN_QUOTED_INCLUDE_IN_FRAMEWORK_HEADER = YES;
				CLANG_WARN_RANGE_LOOP_ANALYSIS = YES;
				CLANG_WARN_STRICT_PROTOTYPES = YES;
				CLANG_WARN_SUSPICIOUS_MOVE = YES;
				CLANG_WARN_UNGUARDED_AVAILABILITY = YES_AGGRESSIVE;
				CLANG_WARN_UNREACHABLE_CODE = YES;
				CLANG_WARN__DUPLICATE_METHOD_MATCH = YES;
				COPY_PHASE_STRIP = NO;
				DEAD_CODE_STRIPPING = YES;
				DEBUG_INFORMATION_FORMAT = dwarf;
				ENABLE_STRICT_OBJC_MSGSEND = YES;
				ENABLE_TESTABILITY = YES;
				ENABLE_USER_SCRIPT_SANDBOXING = YES;
				GCC_C_LANGUAGE_STANDARD = gnu17;
				GCC_DYNAMIC_NO_PIC = NO;
				GCC_NO_COMMON_BLOCKS = YES;
				GCC_OPTIMIZATION_LEVEL = 0;
				GCC_PREPROCESSOR_DEFINITIONS = (
					"DEBUG=1",
					"$(inherited)",
				);
				GCC_WARN_64_TO_32_BIT_CONVERSION = YES;
				GCC_WARN_ABOUT_RETURN_TYPE = YES_ERROR;
				GCC_WARN_UNDECLARED_SELECTOR = YES;
				GCC_WARN_UNINITIALIZED_AUTOS = YES_AGGRESSIVE;
				GCC_WARN_UNUSED_FUNCTION = YES;
				GCC_WARN_UNUSED_VARIABLE = YES;
				IPHONEOS_DEPLOYMENT_TARGET = 26.0;
				LOCALIZATION_PREFERS_STRING_CATALOGS = YES;
				MACOSX_DEPLOYMENT_TARGET = 26.0;
				MTL_ENABLE_DEBUG_INFO = INCLUDE_SOURCE;
				MTL_FAST_MATH = YES;
				ONLY_ACTIVE_ARCH = YES;
				PRODUCT_BUNDLE_IDENTIFIER = p0.pg;
				SDKROOT = macosx;
				STRING_CATALOG_GENERATE_SYMBOLS = YES;
				SWIFT_ACTIVE_COMPILATION_CONDITIONS = "DEBUG $(inherited)";
				SWIFT_DEFAULT_ACTOR_ISOLATION = MainActor;
				SWIFT_OPTIMIZATION_LEVEL = "-Onone";
				SWIFT_VERSION = 6.0;
				TVOS_DEPLOYMENT_TARGET = 26.0;
				XROS_DEPLOYMENT_TARGET = 26.0;
			};
			name = Debug;
		};
		5FCB86792E77041800C2C69E /* Release */ = {
			isa = XCBuildConfiguration;
			buildSettings = {
				ALWAYS_SEARCH_USER_PATHS = NO;
				ASSETCATALOG_COMPILER_GENERATE_SWIFT_ASSET_SYMBOL_EXTENSIONS = YES;
				CLANG_ANALYZER_NONNULL = YES;
				CLANG_ANALYZER_NUMBER_OBJECT_CONVERSION = YES_AGGRESSIVE;
				CLANG_CXX_LANGUAGE_STANDARD = "gnu++20";
				CLANG_ENABLE_MODULES = YES;
				CLANG_ENABLE_OBJC_ARC = YES;
				CLANG_ENABLE_OBJC_WEAK = YES;
				CLANG_WARN_BLOCK_CAPTURE_AUTORELEASING = YES;
				CLANG_WARN_BOOL_CONVERSION = YES;
				CLANG_WARN_COMMA = YES;
				CLANG_WARN_CONSTANT_CONVERSION = YES;
				CLANG_WARN_DEPRECATED_OBJC_IMPLEMENTATIONS = YES;
				CLANG_WARN_DIRECT_OBJC_ISA_USAGE = YES_ERROR;
				CLANG_WARN_DOCUMENTATION_COMMENTS = YES;
				CLANG_WARN_EMPTY_BODY = YES;
				CLANG_WARN_ENUM_CONVERSION = YES;
				CLANG_WARN_INFINITE_RECURSION = YES;
				CLANG_WARN_INT_CONVERSION = YES;
				CLANG_WARN_NON_LITERAL_NULL_CONVERSION = YES;
				CLANG_WARN_OBJC_IMPLICIT_RETAIN_SELF = YES;
				CLANG_WARN_OBJC_LITERAL_CONVERSION = YES;
				CLANG_WARN_OBJC_ROOT_CLASS = YES_ERROR;
				CLANG_WARN_QUOTED_INCLUDE_IN_FRAMEWORK_HEADER = YES;
				CLANG_WARN_RANGE_LOOP_ANALYSIS = YES;
				CLANG_WARN_STRICT_PROTOTYPES = YES;
				CLANG_WARN_SUSPICIOUS_MOVE = YES;
				CLANG_WARN_UNGUARDED_AVAILABILITY = YES_AGGRESSIVE;
				CLANG_WARN_UNREACHABLE_CODE = YES;
				CLANG_WARN__DUPLICATE_METHOD_MATCH = YES;
				COPY_PHASE_STRIP = NO;
				DEAD_CODE_STRIPPING = YES;
				DEBUG_INFORMATION_FORMAT = "dwarf-with-dsym";
				ENABLE_NS_ASSERTIONS = NO;
				ENABLE_STRICT_OBJC_MSGSEND = YES;
				ENABLE_USER_SCRIPT_SANDBOXING = YES;
				GCC_C_LANGUAGE_STANDARD = gnu17;
				GCC_NO_COMMON_BLOCKS = YES;
				GCC_WARN_64_TO_32_BIT_CONVERSION = YES;
				GCC_WARN_ABOUT_RETURN_TYPE = YES_ERROR;
				GCC_WARN_UNDECLARED_SELECTOR = YES;
				GCC_WARN_UNINITIALIZED_AUTOS = YES_AGGRESSIVE;
				GCC_WARN_UNUSED_FUNCTION = YES;
				GCC_WARN_UNUSED_VARIABLE = YES;
				IPHONEOS_DEPLOYMENT_TARGET = 26.0;
				LOCALIZATION_PREFERS_STRING_CATALOGS = YES;
				MACOSX_DEPLOYMENT_TARGET = 26.0;
				MTL_ENABLE_DEBUG_INFO = NO;
				MTL_FAST_MATH = YES;
				PRODUCT_BUNDLE_IDENTIFIER = p0.pg;
				SDKROOT = macosx;
				STRING_CATALOG_GENERATE_SYMBOLS = YES;
				SWIFT_COMPILATION_MODE = wholemodule;
				SWIFT_DEFAULT_ACTOR_ISOLATION = MainActor;
				SWIFT_VERSION = 6.0;
				TVOS_DEPLOYMENT_TARGET = 26.0;
				XROS_DEPLOYMENT_TARGET = 26.0;
			};
			name = Release;
		};
/* End XCBuildConfiguration section */

/* Begin XCConfigurationList section */
		5F919D3D2EA9564A0037A208 /* Build configuration list for PBXNativeTarget "PG" */ = {
			isa = XCConfigurationList;
			buildConfigurations = (
				5F919D3E2EA9564A0037A208 /* Debug */,
				5F919D3F2EA9564A0037A208 /* Release */,
			);
			defaultConfigurationIsVisible = 0;
			defaultConfigurationName = Release;
		};
		5FCB862B2E77041300C2C69E /* Build configuration list for PBXProject "PG" */ = {
			isa = XCConfigurationList;
			buildConfigurations = (
				5FCB86782E77041800C2C69E /* Debug */,
				5FCB86792E77041800C2C69E /* Release */,
			);
			defaultConfigurationIsVisible = 0;
			defaultConfigurationName = Release;
		};
/* End XCConfigurationList section */
	};
	rootObject = 5FCB86282E77041300C2C69E /* Project object */;
}
