// !$*UTF8*$!
{
	archiveVersion = 1;
	classes = {
	};
	objectVersion = 77;
	objects = {

/* Begin PBXBuildFile section */
		5F10B7E12FD43187004ADE44 /* Shop.swift in Sources */ = {isa = PBXBuildFile; fileRef = 5F10B7E02FD43186004ADE44 /* Shop.swift */; };
		5F10D2412FCEE14700E6B598 /* COR.framework in Frameworks */ = {isa = PBXBuildFile; fileRef = 5F10D23B2FCEE14700E6B598 /* COR.framework */; };
		5F10D2422FCEE14700E6B598 /* COR.framework in Embed Frameworks */ = {isa = PBXBuildFile; fileRef = 5F10D23B2FCEE14700E6B598 /* COR.framework */; settings = {ATTRIBUTES = (CodeSignOnCopy, RemoveHeadersOnCopy, ); }; };
		5F10D2492FCEE19000E6B598 /* Arrays.swift in Sources */ = {isa = PBXBuildFile; fileRef = 5F2A33A82EA93AC3008A0A95 /* Arrays.swift */; };
		5F10D24A2FCEE19000E6B598 /* D20.swift in Sources */ = {isa = PBXBuildFile; fileRef = 5FA0F0982EF2255B0022EC68 /* D20.swift */; };
		5F10D24B2FCEE19000E6B598 /* Map.swift in Sources */ = {isa = PBXBuildFile; fileRef = 5F41DDD42EE32744008FBF17 /* Map.swift */; };
		5F10D24C2FCEE19000E6B598 /* Input.swift in Sources */ = {isa = PBXBuildFile; fileRef = 5FBA4D822EF7016D00D7C1B0 /* Input.swift */; };
		5F10D24D2FCEE19000E6B598 /* CArray.swift in Sources */ = {isa = PBXBuildFile; fileRef = 5F87CF592F7BD46900BC87CA /* CArray.swift */; };
		5F10D24E2FCEE19000E6B598 /* Speicher.swift in Sources */ = {isa = PBXBuildFile; fileRef = 5F8E87302EB3BEEC0023B28F /* Speicher.swift */; };
		5F10D24F2FCEE19000E6B598 /* SetXY.swift in Sources */ = {isa = PBXBuildFile; fileRef = 5FA0F0962EF21C3A0022EC68 /* SetXY.swift */; };
		5F10D2502FCEE19000E6B598 /* Monoid.swift in Sources */ = {isa = PBXBuildFile; fileRef = 5F2A33B32EA93AC3008A0A95 /* Monoid.swift */; };
		5F10D2512FCEE19000E6B598 /* Shapes.swift in Sources */ = {isa = PBXBuildFile; fileRef = 5F178BF72FC9A3D4003251A0 /* Shapes.swift */; };
		5F10D2522FCEE19000E6B598 /* XY.swift in Sources */ = {isa = PBXBuildFile; fileRef = 5F2A33AF2EA93AC3008A0A95 /* XY.swift */; };
		5F10D2532FCEE21000E6B598 /* Swift.swift in Sources */ = {isa = PBXBuildFile; fileRef = 5F51E5BD2EF308B200A711DF /* Swift.swift */; };
		5F10D2542FCEE24500E6B598 /* Integers.swift in Sources */ = {isa = PBXBuildFile; fileRef = 5F8E87322EB3E1DA0023B28F /* Integers.swift */; };
		5F10D2592FCEE3B100E6B598 /* Unit.swift in Sources */ = {isa = PBXBuildFile; fileRef = 5F2A33B42EA93AC3008A0A95 /* Unit.swift */; };
		5F10D25A2FCEE3B100E6B598 /* Templates.swift in Sources */ = {isa = PBXBuildFile; fileRef = 5F2E296C2F10125D0010E6E9 /* Templates.swift */; };
		5F10D25B2FCEE3B100E6B598 /* Player.swift in Sources */ = {isa = PBXBuildFile; fileRef = 5F43D4A42EF051A80046AD2A /* Player.swift */; };
		5F10D25C2FCEE3B100E6B598 /* Units.swift in Sources */ = {isa = PBXBuildFile; fileRef = 5F2A33B52EA93AC3008A0A95 /* Units.swift */; };
		5F10D25D2FCEE3B100E6B598 /* Terrain.swift in Sources */ = {isa = PBXBuildFile; fileRef = 5F5A716C2F24FB790059B314 /* Terrain.swift */; };
		5F10D25F2FCEE89D00E6B598 /* TacticalAttack.swift in Sources */ = {isa = PBXBuildFile; fileRef = 5FB4D0D42EAE261E0010E702 /* TacticalAttack.swift */; };
		5F10D2602FCEE89D00E6B598 /* TacticalState.swift in Sources */ = {isa = PBXBuildFile; fileRef = 5F2A33A92EA93AC3008A0A95 /* TacticalState.swift */; };
		5F10D2612FCEE89D00E6B598 /* TacticalChess.swift in Sources */ = {isa = PBXBuildFile; fileRef = 5F2F5E5D2F8516FB006D4D7A /* TacticalChess.swift */; };
		5F10D2622FCEE89D00E6B598 /* TacticalAction.swift in Sources */ = {isa = PBXBuildFile; fileRef = 5F2A33AA2EA93AC3008A0A95 /* TacticalAction.swift */; };
		5F10D2632FCEE89D00E6B598 /* TacticalShop.swift in Sources */ = {isa = PBXBuildFile; fileRef = 5F2A33AD2EA93AC3008A0A95 /* TacticalShop.swift */; };
		5F10D2642FCEE89D00E6B598 /* MapGeneration.swift in Sources */ = {isa = PBXBuildFile; fileRef = 5FF7EB3C2EB6428B00E287FF /* MapGeneration.swift */; };
		5F10D2652FCEE89D00E6B598 /* TacticalMove.swift in Sources */ = {isa = PBXBuildFile; fileRef = 5FF679762F06FB0D00586323 /* TacticalMove.swift */; };
		5F10D2662FCEE89D00E6B598 /* TacticalTurns.swift in Sources */ = {isa = PBXBuildFile; fileRef = 5FB4D1252EAFABCB0010E702 /* TacticalTurns.swift */; };
		5F10D2672FCEE89D00E6B598 /* TacticalInput.swift in Sources */ = {isa = PBXBuildFile; fileRef = 5F2A33AC2EA93AC3008A0A95 /* TacticalInput.swift */; };
		5F10D2682FCEE89D00E6B598 /* TacticalStateFactory.swift in Sources */ = {isa = PBXBuildFile; fileRef = 5F2A33AE2EA93AC3008A0A95 /* TacticalStateFactory.swift */; };
		5F10D2692FCEE89D00E6B598 /* TacticalTransport.swift in Sources */ = {isa = PBXBuildFile; fileRef = 5F26B9522F7EE565002BBF38 /* TacticalTransport.swift */; };
		5F10D26B2FCEE8E100E6B598 /* TacticalEvent.swift in Sources */ = {isa = PBXBuildFile; fileRef = 5F10D26A2FCEE8E100E6B598 /* TacticalEvent.swift */; };
		5F10D26C2FCEEA0600E6B598 /* SovietAI.swift in Sources */ = {isa = PBXBuildFile; fileRef = 5F168CF02FC0A572004AEFFA /* SovietAI.swift */; };
		5F10D26D2FCEEA0600E6B598 /* TacticalAI.swift in Sources */ = {isa = PBXBuildFile; fileRef = 5F2A33AB2EA93AC3008A0A95 /* TacticalAI.swift */; };
		5F10D26E2FCEEA0600E6B598 /* AxisAI.swift in Sources */ = {isa = PBXBuildFile; fileRef = 5F168CF42FC0AD45004AEFFA /* AxisAI.swift */; };
		5F10D26F2FCEECB900E6B598 /* Strings.swift in Sources */ = {isa = PBXBuildFile; fileRef = 5FCABBC92EAA787B008EE894 /* Strings.swift */; };
		5F10D2712FCEF03000E6B598 /* TacticalStatus.swift in Sources */ = {isa = PBXBuildFile; fileRef = 5F10D2702FCEF02C00E6B598 /* TacticalStatus.swift */; };
		5F10D2732FCEF17800E6B598 /* HQInput.swift in Sources */ = {isa = PBXBuildFile; fileRef = 5F649EED2F94E54C00F9CE89 /* HQInput.swift */; };
		5F10D2742FCEF17800E6B598 /* HQAction.swift in Sources */ = {isa = PBXBuildFile; fileRef = 5F04CAF82F93C72500E7ADBB /* HQAction.swift */; };
		5F10D2752FCEF17800E6B598 /* HQState.swift in Sources */ = {isa = PBXBuildFile; fileRef = 5F5560FE2EF5B2B900C08E14 /* HQState.swift */; };
		5F10D2772FCEF18400E6B598 /* HQEvent.swift in Sources */ = {isa = PBXBuildFile; fileRef = 5F10D2762FCEF18400E6B598 /* HQEvent.swift */; };
		5F10D2782FCEF22F00E6B598 /* StrategicState.swift in Sources */ = {isa = PBXBuildFile; fileRef = 5FBA4D7D2EF6E26200D7C1B0 /* StrategicState.swift */; };
		5F10D2792FCEF22F00E6B598 /* StrategicInput.swift in Sources */ = {isa = PBXBuildFile; fileRef = 5FE44F162F9BBA3500A589F1 /* StrategicInput.swift */; };
		5F10D27A2FCEF22F00E6B598 /* StrategicAction.swift in Sources */ = {isa = PBXBuildFile; fileRef = 5FE44F142F9BBA1F00A589F1 /* StrategicAction.swift */; };
		5F10D27E2FCEF27800E6B598 /* StrategicEvent.swift in Sources */ = {isa = PBXBuildFile; fileRef = 5F10D27D2FCEF27800E6B598 /* StrategicEvent.swift */; };
		5F10D2802FCEFBB300E6B598 /* Settings.swift in Sources */ = {isa = PBXBuildFile; fileRef = 5F10D27F2FCEFBB300E6B598 /* Settings.swift */; };
		5F10D2822FCEFBCF00E6B598 /* Core.swift in Sources */ = {isa = PBXBuildFile; fileRef = 5F10D2812FCEFBCF00E6B598 /* Core.swift */; };
		5F10D2842FCF128B00E6B598 /* getcrew.wav in Resources */ = {isa = PBXBuildFile; fileRef = 5F10D2832FCF128B00E6B598 /* getcrew.wav */; };
		5F10D2862FCF75AD00E6B598 /* UserDefaults.swift in Sources */ = {isa = PBXBuildFile; fileRef = 5F10D2852FCF75AD00E6B598 /* UserDefaults.swift */; };
		5F24DC332EA95FE60085FDDC /* main.swift in Sources */ = {isa = PBXBuildFile; fileRef = 5F24DC322EA95FE50085FDDC /* main.swift */; };
		5F26B9512F7EA8A0002BBF38 /* HQScenario.swift in Sources */ = {isa = PBXBuildFile; fileRef = 5F26B9502F7EA89B002BBF38 /* HQScenario.swift */; };
		5F2E4CC62FC3441A00EF7BA3 /* Colors.swift in Sources */ = {isa = PBXBuildFile; fileRef = 5F2E4CC52FC3441800EF7BA3 /* Colors.swift */; };
		5F2E4CC82FC3443D00EF7BA3 /* Images.swift in Sources */ = {isa = PBXBuildFile; fileRef = 5F2E4CC72FC3443B00EF7BA3 /* Images.swift */; };
		5F389F952FC84CB800F9B86F /* MenuNodes.swift in Sources */ = {isa = PBXBuildFile; fileRef = 5F389F942FC84CB300F9B86F /* MenuNodes.swift */; };
		5F5560F72EF5AE0F00C08E14 /* TacticalMode.swift in Sources */ = {isa = PBXBuildFile; fileRef = 5F5560F62EF5AE0F00C08E14 /* TacticalMode.swift */; };
		5F5560FA2EF5B05D00C08E14 /* HQMode.swift in Sources */ = {isa = PBXBuildFile; fileRef = 5F5560F92EF5B05D00C08E14 /* HQMode.swift */; };
		5F5560FC2EF5B0CF00C08E14 /* HQNodes.swift in Sources */ = {isa = PBXBuildFile; fileRef = 5F5560FB2EF5B0CD00C08E14 /* HQNodes.swift */; };
		5F5561052EF5B89B00C08E14 /* HQEvent.swift in Sources */ = {isa = PBXBuildFile; fileRef = 5F5561042EF5B89B00C08E14 /* HQEvent.swift */; };
		5F649EF22F952C6900F9CE89 /* HQNewGame.swift in Sources */ = {isa = PBXBuildFile; fileRef = 5F649EF12F952C6600F9CE89 /* HQNewGame.swift */; };
		5F720F9B2FBA636600A5E3FD /* TacticalTests.swift in Sources */ = {isa = PBXBuildFile; fileRef = 5F7472D32FB347A300EBC354 /* TacticalTests.swift */; };
		5F720FA02FBA636600A5E3FE /* TacticalPerformanceTests.swift in Sources */ = {isa = PBXBuildFile; fileRef = 5F720FA12FBA636600A5E3FF /* TacticalPerformanceTests.swift */; };
		5F7472D02FB346E900EBC354 /* MapGenerationTests.swift in Sources */ = {isa = PBXBuildFile; fileRef = 5F7472CF2FB346E900EBC354 /* MapGenerationTests.swift */; };
		5F919D532EA9595D0037A208 /* Scene.swift in Sources */ = {isa = PBXBuildFile; fileRef = 5F2A33C42EA93AC3008A0A95 /* Scene.swift */; };
		5F919D542EA959670037A208 /* HIDController.swift in Sources */ = {isa = PBXBuildFile; fileRef = 5F2A33BD2EA93AC3008A0A95 /* HIDController.swift */; };
		5F919D562EA959670037A208 /* UnitSprites.swift in Sources */ = {isa = PBXBuildFile; fileRef = 5F2A33C02EA93AC3008A0A95 /* UnitSprites.swift */; };
		5F919D572EA959670037A208 /* TacticalNodes.swift in Sources */ = {isa = PBXBuildFile; fileRef = 5F2A33BC2EA93AC3008A0A95 /* TacticalNodes.swift */; };
		5F919D582EA959670037A208 /* SceneInput.swift in Sources */ = {isa = PBXBuildFile; fileRef = 5F2A33BA2EA93AC3008A0A95 /* SceneInput.swift */; };
		5F919D5A2EA959670037A208 /* TileSprites.swift in Sources */ = {isa = PBXBuildFile; fileRef = 5F2A33BF2EA93AC3008A0A95 /* TileSprites.swift */; };
		5F919D5B2EA959670037A208 /* TacticalEvent.swift in Sources */ = {isa = PBXBuildFile; fileRef = 5F2A33B92EA93AC3008A0A95 /* TacticalEvent.swift */; };
		5F919D5C2EA959670037A208 /* SpriteKit.swift in Sources */ = {isa = PBXBuildFile; fileRef = 5F2A33BE2EA93AC3008A0A95 /* SpriteKit.swift */; };
		5F919D5D2EA959670037A208 /* BaseNodes.swift in Sources */ = {isa = PBXBuildFile; fileRef = 5F2A33BB2EA93AC3008A0A95 /* BaseNodes.swift */; };
		5F919D642EA9596E0037A208 /* MenuState.swift in Sources */ = {isa = PBXBuildFile; fileRef = 5F2A33B22EA93AC3008A0A95 /* MenuState.swift */; };
		5F919D6C2EA959FA0037A208 /* boom-l.wav in Resources */ = {isa = PBXBuildFile; fileRef = 5F2A33A42EA93AC3008A0A95 /* boom-l.wav */; };
		5F919D6D2EA959FA0037A208 /* boom-s.wav in Resources */ = {isa = PBXBuildFile; fileRef = 5F2A33A62EA93AC3008A0A95 /* boom-s.wav */; };
		5F919D6E2EA959FA0037A208 /* boom-m.wav in Resources */ = {isa = PBXBuildFile; fileRef = 5F2A33A52EA93AC3008A0A95 /* boom-m.wav */; };
		5F919D6F2EA959FD0037A208 /* Assets.xcassets in Resources */ = {isa = PBXBuildFile; fileRef = 5F2A33C32EA93AC3008A0A95 /* Assets.xcassets */; };
		5FAAAA010000000000000001 /* Reaction.swift in Sources */ = {isa = PBXBuildFile; fileRef = 5FAAAA010000000000000002 /* Reaction.swift */; };
		5FB524AA2FACB2C20017B672 /* RNGTests.swift in Sources */ = {isa = PBXBuildFile; fileRef = 5FB524A82FACB2C20017B672 /* RNGTests.swift */; };
		5FB524AD2FAD0EE10017B672 /* EditorMode.swift in Sources */ = {isa = PBXBuildFile; fileRef = 5FB524AC2FAD0EDE0017B672 /* EditorMode.swift */; };
		5FB524AF2FAD10AA0017B672 /* EditorState.swift in Sources */ = {isa = PBXBuildFile; fileRef = 5FB524AE2FAD10AA0017B672 /* EditorState.swift */; };
		5FB524B12FAD111F0017B672 /* EditorNodes.swift in Sources */ = {isa = PBXBuildFile; fileRef = 5FB524B02FAD111E0017B672 /* EditorNodes.swift */; };
		5FBA4D7B2EF6DB7900D7C1B0 /* NotificationCenter.swift in Sources */ = {isa = PBXBuildFile; fileRef = 5FBA4D7A2EF6DB7700D7C1B0 /* NotificationCenter.swift */; };
		5FBA4D802EF6FD8900D7C1B0 /* Scenes.swift in Sources */ = {isa = PBXBuildFile; fileRef = 5FBA4D7F2EF6FD8800D7C1B0 /* Scenes.swift */; };
		5FCABBC82EAA701D008EE894 /* mov.wav in Resources */ = {isa = PBXBuildFile; fileRef = 5FCABBC72EAA701D008EE894 /* mov.wav */; };
		5FE1218B2F7FCFA1001C16A5 /* Connection.swift in Sources */ = {isa = PBXBuildFile; fileRef = 5FE1218A2F7FCFA1001C16A5 /* Connection.swift */; };
		5FE1218D2F7FD6CD001C16A5 /* Messages.swift in Sources */ = {isa = PBXBuildFile; fileRef = 5FE1218C2F7FD6CA001C16A5 /* Messages.swift */; };
		5FE1218F2F7FE42F001C16A5 /* Server.swift in Sources */ = {isa = PBXBuildFile; fileRef = 5FE1218E2F7FE42F001C16A5 /* Server.swift */; };
		5FE121912F7FF0B6001C16A5 /* Client.swift in Sources */ = {isa = PBXBuildFile; fileRef = 5FE121902F7FF0B6001C16A5 /* Client.swift */; };
		5FE3C16C2F0C51EE00C522D3 /* MapNodes.swift in Sources */ = {isa = PBXBuildFile; fileRef = 5FE3C16B2F0C51EE00C522D3 /* MapNodes.swift */; };
		5FE44F132F9BB9F900A589F1 /* StrategicEvent.swift in Sources */ = {isa = PBXBuildFile; fileRef = 5FE44F122F9BB9F400A589F1 /* StrategicEvent.swift */; };
		5FE44F1B2F9BC18300A589F1 /* HQCampaign.swift in Sources */ = {isa = PBXBuildFile; fileRef = 5FE44F1A2F9BC17D00A589F1 /* HQCampaign.swift */; };
		5FE94DD92F9B98DB00004EC8 /* StrategicMode.swift in Sources */ = {isa = PBXBuildFile; fileRef = 5FE94DD82F9B98CA00004EC8 /* StrategicMode.swift */; };
		5FE94DDB2F9B990500004EC8 /* StrategicNodes.swift in Sources */ = {isa = PBXBuildFile; fileRef = 5FE94DDA2F9B98FB00004EC8 /* StrategicNodes.swift */; };
		5FF200772EF44FC500B659E7 /* SceneMode.swift in Sources */ = {isa = PBXBuildFile; fileRef = 5FF200762EF44FC500B659E7 /* SceneMode.swift */; };
		5FF25F302FD19C32002759A6 /* TacticalMenu.swift in Sources */ = {isa = PBXBuildFile; fileRef = 5FF25F2F2FD19C2C002759A6 /* TacticalMenu.swift */; };
		5FF677AF2FD1E1910004A35D /* AxisUnits.swift in Sources */ = {isa = PBXBuildFile; fileRef = 5FF677AE2FD1E18E0004A35D /* AxisUnits.swift */; };
		5FF677B12FD1E1C70004A35D /* SovietUnits.swift in Sources */ = {isa = PBXBuildFile; fileRef = 5FF677B02FD1E1C40004A35D /* SovietUnits.swift */; };
		5FF677B32FD1F5E50004A35D /* AlliedUnits.swift in Sources */ = {isa = PBXBuildFile; fileRef = 5FF677B22FD1F5E20004A35D /* AlliedUnits.swift */; };
/* End PBXBuildFile section */

/* Begin PBXContainerItemProxy section */
		5F10D23F2FCEE14700E6B598 /* PBXContainerItemProxy */ = {
			isa = PBXContainerItemProxy;
			containerPortal = 5FCB86282E77041300C2C69E /* Project object */;
			proxyType = 1;
			remoteGlobalIDString = 5F10D23A2FCEE14700E6B598;
			remoteInfo = COR;
		};
		5FB524A32FACB2990017B672 /* PBXContainerItemProxy */ = {
			isa = PBXContainerItemProxy;
			containerPortal = 5FCB86282E77041300C2C69E /* Project object */;
			proxyType = 1;
			remoteGlobalIDString = 5F919D2B2EA9564A0037A208;
			remoteInfo = PG;
		};
/* End PBXContainerItemProxy section */

/* Begin PBXCopyFilesBuildPhase section */
		5F10D2212FCEDEE900E6B598 /* Embed Frameworks */ = {
			isa = PBXCopyFilesBuildPhase;
			buildActionMask = 2147483647;
			dstPath = "";
			dstSubfolderSpec = 10;
			files = (
				5F10D2422FCEE14700E6B598 /* COR.framework in Embed Frameworks */,
			);
			name = "Embed Frameworks";
			runOnlyForDeploymentPostprocessing = 0;
		};
/* End PBXCopyFilesBuildPhase section */

/* Begin PBXFileReference section */
		5F04CAF82F93C72500E7ADBB /* HQAction.swift */ = {isa = PBXFileReference; lastKnownFileType = sourcecode.swift; path = HQAction.swift; sourceTree = "<group>"; };
		5F10B7E02FD43186004ADE44 /* Shop.swift */ = {isa = PBXFileReference; lastKnownFileType = sourcecode.swift; path = Shop.swift; sourceTree = "<group>"; };
		5F10D23B2FCEE14700E6B598 /* COR.framework */ = {isa = PBXFileReference; explicitFileType = wrapper.framework; includeInIndex = 0; path = COR.framework; sourceTree = BUILT_PRODUCTS_DIR; };
		5F10D26A2FCEE8E100E6B598 /* TacticalEvent.swift */ = {isa = PBXFileReference; lastKnownFileType = sourcecode.swift; path = TacticalEvent.swift; sourceTree = "<group>"; };
		5F10D2702FCEF02C00E6B598 /* TacticalStatus.swift */ = {isa = PBXFileReference; lastKnownFileType = sourcecode.swift; path = TacticalStatus.swift; sourceTree = "<group>"; };
		5F10D2762FCEF18400E6B598 /* HQEvent.swift */ = {isa = PBXFileReference; lastKnownFileType = sourcecode.swift; path = HQEvent.swift; sourceTree = "<group>"; };
		5F10D27D2FCEF27800E6B598 /* StrategicEvent.swift */ = {isa = PBXFileReference; lastKnownFileType = sourcecode.swift; path = StrategicEvent.swift; sourceTree = "<group>"; };
		5F10D27F2FCEFBB300E6B598 /* Settings.swift */ = {isa = PBXFileReference; lastKnownFileType = sourcecode.swift; path = Settings.swift; sourceTree = "<group>"; };
		5F10D2812FCEFBCF00E6B598 /* Core.swift */ = {isa = PBXFileReference; lastKnownFileType = sourcecode.swift; path = Core.swift; sourceTree = "<group>"; };
		5F10D2832FCF128B00E6B598 /* getcrew.wav */ = {isa = PBXFileReference; lastKnownFileType = audio.wav; path = getcrew.wav; sourceTree = "<group>"; };
		5F10D2852FCF75AD00E6B598 /* UserDefaults.swift */ = {isa = PBXFileReference; lastKnownFileType = sourcecode.swift; path = UserDefaults.swift; sourceTree = "<group>"; };
		5F168CF02FC0A572004AEFFA /* SovietAI.swift */ = {isa = PBXFileReference; lastKnownFileType = sourcecode.swift; path = SovietAI.swift; sourceTree = "<group>"; };
		5F168CF42FC0AD45004AEFFA /* AxisAI.swift */ = {isa = PBXFileReference; lastKnownFileType = sourcecode.swift; path = AxisAI.swift; sourceTree = "<group>"; };
		5F178BF72FC9A3D4003251A0 /* Shapes.swift */ = {isa = PBXFileReference; lastKnownFileType = sourcecode.swift; path = Shapes.swift; sourceTree = "<group>"; };
		5F24DC322EA95FE50085FDDC /* main.swift */ = {isa = PBXFileReference; lastKnownFileType = sourcecode.swift; path = main.swift; sourceTree = "<group>"; };
		5F26B9502F7EA89B002BBF38 /* HQScenario.swift */ = {isa = PBXFileReference; lastKnownFileType = sourcecode.swift; path = HQScenario.swift; sourceTree = "<group>"; };
		5F26B9522F7EE565002BBF38 /* TacticalTransport.swift */ = {isa = PBXFileReference; lastKnownFileType = sourcecode.swift; path = TacticalTransport.swift; sourceTree = "<group>"; };
		5F2A33A42EA93AC3008A0A95 /* boom-l.wav */ = {isa = PBXFileReference; lastKnownFileType = audio.wav; path = "boom-l.wav"; sourceTree = "<group>"; };
		5F2A33A52EA93AC3008A0A95 /* boom-m.wav */ = {isa = PBXFileReference; lastKnownFileType = audio.wav; path = "boom-m.wav"; sourceTree = "<group>"; };
		5F2A33A62EA93AC3008A0A95 /* boom-s.wav */ = {isa = PBXFileReference; lastKnownFileType = audio.wav; path = "boom-s.wav"; sourceTree = "<group>"; };
		5F2A33A82EA93AC3008A0A95 /* Arrays.swift */ = {isa = PBXFileReference; lastKnownFileType = sourcecode.swift; path = Arrays.swift; sourceTree = "<group>"; };
		5F2A33A92EA93AC3008A0A95 /* TacticalState.swift */ = {isa = PBXFileReference; lastKnownFileType = sourcecode.swift; path = TacticalState.swift; sourceTree = "<group>"; };
		5F2A33AA2EA93AC3008A0A95 /* TacticalAction.swift */ = {isa = PBXFileReference; lastKnownFileType = sourcecode.swift; path = TacticalAction.swift; sourceTree = "<group>"; };
		5F2A33AB2EA93AC3008A0A95 /* TacticalAI.swift */ = {isa = PBXFileReference; lastKnownFileType = sourcecode.swift; path = TacticalAI.swift; sourceTree = "<group>"; };
		5F2A33AC2EA93AC3008A0A95 /* TacticalInput.swift */ = {isa = PBXFileReference; lastKnownFileType = sourcecode.swift; path = TacticalInput.swift; sourceTree = "<group>"; };
		5F2A33AD2EA93AC3008A0A95 /* TacticalShop.swift */ = {isa = PBXFileReference; lastKnownFileType = sourcecode.swift; path = TacticalShop.swift; sourceTree = "<group>"; };
		5F2A33AE2EA93AC3008A0A95 /* TacticalStateFactory.swift */ = {isa = PBXFileReference; lastKnownFileType = sourcecode.swift; path = TacticalStateFactory.swift; sourceTree = "<group>"; };
		5F2A33AF2EA93AC3008A0A95 /* XY.swift */ = {isa = PBXFileReference; lastKnownFileType = sourcecode.swift; path = XY.swift; sourceTree = "<group>"; };
		5F2A33B22EA93AC3008A0A95 /* MenuState.swift */ = {isa = PBXFileReference; lastKnownFileType = sourcecode.swift; path = MenuState.swift; sourceTree = "<group>"; };
		5F2A33B32EA93AC3008A0A95 /* Monoid.swift */ = {isa = PBXFileReference; lastKnownFileType = sourcecode.swift; path = Monoid.swift; sourceTree = "<group>"; };
		5F2A33B42EA93AC3008A0A95 /* Unit.swift */ = {isa = PBXFileReference; lastKnownFileType = sourcecode.swift; path = Unit.swift; sourceTree = "<group>"; };
		5F2A33B52EA93AC3008A0A95 /* Units.swift */ = {isa = PBXFileReference; lastKnownFileType = sourcecode.swift; path = Units.swift; sourceTree = "<group>"; };
		5F2A33B92EA93AC3008A0A95 /* TacticalEvent.swift */ = {isa = PBXFileReference; lastKnownFileType = sourcecode.swift; path = TacticalEvent.swift; sourceTree = "<group>"; };
		5F2A33BA2EA93AC3008A0A95 /* SceneInput.swift */ = {isa = PBXFileReference; lastKnownFileType = sourcecode.swift; path = SceneInput.swift; sourceTree = "<group>"; };
		5F2A33BB2EA93AC3008A0A95 /* BaseNodes.swift */ = {isa = PBXFileReference; lastKnownFileType = sourcecode.swift; path = BaseNodes.swift; sourceTree = "<group>"; };
		5F2A33BC2EA93AC3008A0A95 /* TacticalNodes.swift */ = {isa = PBXFileReference; lastKnownFileType = sourcecode.swift; path = TacticalNodes.swift; sourceTree = "<group>"; };
		5F2A33BD2EA93AC3008A0A95 /* HIDController.swift */ = {isa = PBXFileReference; lastKnownFileType = sourcecode.swift; path = HIDController.swift; sourceTree = "<group>"; };
		5F2A33BE2EA93AC3008A0A95 /* SpriteKit.swift */ = {isa = PBXFileReference; lastKnownFileType = sourcecode.swift; path = SpriteKit.swift; sourceTree = "<group>"; };
		5F2A33BF2EA93AC3008A0A95 /* TileSprites.swift */ = {isa = PBXFileReference; lastKnownFileType = sourcecode.swift; path = TileSprites.swift; sourceTree = "<group>"; };
		5F2A33C02EA93AC3008A0A95 /* UnitSprites.swift */ = {isa = PBXFileReference; lastKnownFileType = sourcecode.swift; path = UnitSprites.swift; sourceTree = "<group>"; };
		5F2A33C32EA93AC3008A0A95 /* Assets.xcassets */ = {isa = PBXFileReference; lastKnownFileType = folder.assetcatalog; path = Assets.xcassets; sourceTree = "<group>"; };
		5F2A33C42EA93AC3008A0A95 /* Scene.swift */ = {isa = PBXFileReference; lastKnownFileType = sourcecode.swift; path = Scene.swift; sourceTree = "<group>"; };
		5F2E296C2F10125D0010E6E9 /* Templates.swift */ = {isa = PBXFileReference; lastKnownFileType = sourcecode.swift; path = Templates.swift; sourceTree = "<group>"; };
		5F2E4CC52FC3441800EF7BA3 /* Colors.swift */ = {isa = PBXFileReference; lastKnownFileType = sourcecode.swift; path = Colors.swift; sourceTree = "<group>"; };
		5F2E4CC72FC3443B00EF7BA3 /* Images.swift */ = {isa = PBXFileReference; lastKnownFileType = sourcecode.swift; path = Images.swift; sourceTree = "<group>"; };
		5F2F5E5D2F8516FB006D4D7A /* TacticalChess.swift */ = {isa = PBXFileReference; lastKnownFileType = sourcecode.swift; path = TacticalChess.swift; sourceTree = "<group>"; };
		5F389F942FC84CB300F9B86F /* MenuNodes.swift */ = {isa = PBXFileReference; lastKnownFileType = sourcecode.swift; path = MenuNodes.swift; sourceTree = "<group>"; };
		5F41DDD42EE32744008FBF17 /* Map.swift */ = {isa = PBXFileReference; lastKnownFileType = sourcecode.swift; path = Map.swift; sourceTree = "<group>"; };
		5F43D4A42EF051A80046AD2A /* Player.swift */ = {isa = PBXFileReference; lastKnownFileType = sourcecode.swift; path = Player.swift; sourceTree = "<group>"; };
		5F51E5BD2EF308B200A711DF /* Swift.swift */ = {isa = PBXFileReference; lastKnownFileType = sourcecode.swift; path = Swift.swift; sourceTree = "<group>"; };
		5F5560F62EF5AE0F00C08E14 /* TacticalMode.swift */ = {isa = PBXFileReference; lastKnownFileType = sourcecode.swift; path = TacticalMode.swift; sourceTree = "<group>"; };
		5F5560F92EF5B05D00C08E14 /* HQMode.swift */ = {isa = PBXFileReference; lastKnownFileType = sourcecode.swift; path = HQMode.swift; sourceTree = "<group>"; };
		5F5560FB2EF5B0CD00C08E14 /* HQNodes.swift */ = {isa = PBXFileReference; lastKnownFileType = sourcecode.swift; path = HQNodes.swift; sourceTree = "<group>"; };
		5F5560FE2EF5B2B900C08E14 /* HQState.swift */ = {isa = PBXFileReference; lastKnownFileType = sourcecode.swift; path = HQState.swift; sourceTree = "<group>"; };
		5F5561042EF5B89B00C08E14 /* HQEvent.swift */ = {isa = PBXFileReference; lastKnownFileType = sourcecode.swift; path = HQEvent.swift; sourceTree = "<group>"; };
		5F5A716C2F24FB790059B314 /* Terrain.swift */ = {isa = PBXFileReference; lastKnownFileType = sourcecode.swift; path = Terrain.swift; sourceTree = "<group>"; };
		5F649EED2F94E54C00F9CE89 /* HQInput.swift */ = {isa = PBXFileReference; lastKnownFileType = sourcecode.swift; path = HQInput.swift; sourceTree = "<group>"; };
		5F649EF12F952C6600F9CE89 /* HQNewGame.swift */ = {isa = PBXFileReference; lastKnownFileType = sourcecode.swift; path = HQNewGame.swift; sourceTree = "<group>"; };
		5F720FA12FBA636600A5E3FF /* TacticalPerformanceTests.swift */ = {isa = PBXFileReference; lastKnownFileType = sourcecode.swift; path = TacticalPerformanceTests.swift; sourceTree = "<group>"; };
		5F7472C82FB10FF700EBC354 /* Roadmap.md */ = {isa = PBXFileReference; lastKnownFileType = net.daringfireball.markdown; path = Roadmap.md; sourceTree = "<group>"; };
		5F7472C92FB3276200EBC354 /* GameMechanics.md */ = {isa = PBXFileReference; lastKnownFileType = net.daringfireball.markdown; path = GameMechanics.md; sourceTree = "<group>"; };
		5F7472CB2FB327C200EBC354 /* Map.md */ = {isa = PBXFileReference; lastKnownFileType = net.daringfireball.markdown; path = Map.md; sourceTree = "<group>"; };
		5F7472CD2FB3452300EBC354 /* Map.png */ = {isa = PBXFileReference; lastKnownFileType = image.png; path = Map.png; sourceTree = "<group>"; };
		5F7472CE2FB3452300EBC354 /* Map@32x.png */ = {isa = PBXFileReference; lastKnownFileType = image.png; path = "Map@32x.png"; sourceTree = "<group>"; };
		5F7472CF2FB346E900EBC354 /* MapGenerationTests.swift */ = {isa = PBXFileReference; lastKnownFileType = sourcecode.swift; path = MapGenerationTests.swift; sourceTree = "<group>"; };
		5F7472D32FB347A300EBC354 /* TacticalTests.swift */ = {isa = PBXFileReference; lastKnownFileType = sourcecode.swift; path = TacticalTests.swift; sourceTree = "<group>"; };
		5F87CF592F7BD46900BC87CA /* CArray.swift */ = {isa = PBXFileReference; lastKnownFileType = sourcecode.swift; path = CArray.swift; sourceTree = "<group>"; };
		5F8E87302EB3BEEC0023B28F /* Speicher.swift */ = {isa = PBXFileReference; lastKnownFileType = sourcecode.swift; path = Speicher.swift; sourceTree = "<group>"; };
		5F8E87322EB3E1DA0023B28F /* Integers.swift */ = {isa = PBXFileReference; lastKnownFileType = sourcecode.swift; path = Integers.swift; sourceTree = "<group>"; };
		5F919D2C2EA9564A0037A208 /* PG.app */ = {isa = PBXFileReference; explicitFileType = wrapper.application; includeInIndex = 0; path = PG.app; sourceTree = BUILT_PRODUCTS_DIR; };
		5F919D702EA95ADF0037A208 /* Info.plist */ = {isa = PBXFileReference; lastKnownFileType = text.plist.xml; path = Info.plist; sourceTree = "<group>"; };
		5FA0F0962EF21C3A0022EC68 /* SetXY.swift */ = {isa = PBXFileReference; lastKnownFileType = sourcecode.swift; path = SetXY.swift; sourceTree = "<group>"; };
		5FA0F0982EF2255B0022EC68 /* D20.swift */ = {isa = PBXFileReference; lastKnownFileType = sourcecode.swift; path = D20.swift; sourceTree = "<group>"; };
		5FAAAA010000000000000002 /* Reaction.swift */ = {isa = PBXFileReference; lastKnownFileType = sourcecode.swift; path = Reaction.swift; sourceTree = "<group>"; };
		5FB297482E79A39000FA039B /* README.md */ = {isa = PBXFileReference; lastKnownFileType = net.daringfireball.markdown; path = README.md; sourceTree = "<group>"; };
		5FB4D0D42EAE261E0010E702 /* TacticalAttack.swift */ = {isa = PBXFileReference; lastKnownFileType = sourcecode.swift; path = TacticalAttack.swift; sourceTree = "<group>"; };
		5FB4D1252EAFABCB0010E702 /* TacticalTurns.swift */ = {isa = PBXFileReference; lastKnownFileType = sourcecode.swift; path = TacticalTurns.swift; sourceTree = "<group>"; };
		5FB5249F2FACB2990017B672 /* Tests.xctest */ = {isa = PBXFileReference; explicitFileType = wrapper.cfbundle; includeInIndex = 0; path = Tests.xctest; sourceTree = BUILT_PRODUCTS_DIR; };
		5FB524A82FACB2C20017B672 /* RNGTests.swift */ = {isa = PBXFileReference; lastKnownFileType = sourcecode.swift; path = RNGTests.swift; sourceTree = "<group>"; };
		5FB524AC2FAD0EDE0017B672 /* EditorMode.swift */ = {isa = PBXFileReference; lastKnownFileType = sourcecode.swift; path = EditorMode.swift; sourceTree = "<group>"; };
		5FB524AE2FAD10AA0017B672 /* EditorState.swift */ = {isa = PBXFileReference; lastKnownFileType = sourcecode.swift; path = EditorState.swift; sourceTree = "<group>"; };
		5FB524B02FAD111E0017B672 /* EditorNodes.swift */ = {isa = PBXFileReference; lastKnownFileType = sourcecode.swift; path = EditorNodes.swift; sourceTree = "<group>"; };
		5FB524B22FAD41220017B672 /* Architecture.md */ = {isa = PBXFileReference; lastKnownFileType = net.daringfireball.markdown; path = Architecture.md; sourceTree = "<group>"; };
		5FBA4D7A2EF6DB7700D7C1B0 /* NotificationCenter.swift */ = {isa = PBXFileReference; lastKnownFileType = sourcecode.swift; path = NotificationCenter.swift; sourceTree = "<group>"; };
		5FBA4D7D2EF6E26200D7C1B0 /* StrategicState.swift */ = {isa = PBXFileReference; lastKnownFileType = sourcecode.swift; path = StrategicState.swift; sourceTree = "<group>"; };
		5FBA4D7F2EF6FD8800D7C1B0 /* Scenes.swift */ = {isa = PBXFileReference; lastKnownFileType = sourcecode.swift; path = Scenes.swift; sourceTree = "<group>"; };
		5FBA4D822EF7016D00D7C1B0 /* Input.swift */ = {isa = PBXFileReference; lastKnownFileType = sourcecode.swift; path = Input.swift; sourceTree = "<group>"; };
		5FCABBC72EAA701D008EE894 /* mov.wav */ = {isa = PBXFileReference; lastKnownFileType = audio.wav; path = mov.wav; sourceTree = "<group>"; };
		5FCABBC92EAA787B008EE894 /* Strings.swift */ = {isa = PBXFileReference; lastKnownFileType = sourcecode.swift; path = Strings.swift; sourceTree = "<group>"; };
		5FE1218A2F7FCFA1001C16A5 /* Connection.swift */ = {isa = PBXFileReference; lastKnownFileType = sourcecode.swift; path = Connection.swift; sourceTree = "<group>"; };
		5FE1218C2F7FD6CA001C16A5 /* Messages.swift */ = {isa = PBXFileReference; lastKnownFileType = sourcecode.swift; path = Messages.swift; sourceTree = "<group>"; };
		5FE1218E2F7FE42F001C16A5 /* Server.swift */ = {isa = PBXFileReference; lastKnownFileType = sourcecode.swift; path = Server.swift; sourceTree = "<group>"; };
		5FE121902F7FF0B6001C16A5 /* Client.swift */ = {isa = PBXFileReference; lastKnownFileType = sourcecode.swift; path = Client.swift; sourceTree = "<group>"; };
		5FE3C16B2F0C51EE00C522D3 /* MapNodes.swift */ = {isa = PBXFileReference; lastKnownFileType = sourcecode.swift; path = MapNodes.swift; sourceTree = "<group>"; };
		5FE44F122F9BB9F400A589F1 /* StrategicEvent.swift */ = {isa = PBXFileReference; lastKnownFileType = sourcecode.swift; path = StrategicEvent.swift; sourceTree = "<group>"; };
		5FE44F142F9BBA1F00A589F1 /* StrategicAction.swift */ = {isa = PBXFileReference; lastKnownFileType = sourcecode.swift; path = StrategicAction.swift; sourceTree = "<group>"; };
		5FE44F162F9BBA3500A589F1 /* StrategicInput.swift */ = {isa = PBXFileReference; lastKnownFileType = sourcecode.swift; path = StrategicInput.swift; sourceTree = "<group>"; };
		5FE44F1A2F9BC17D00A589F1 /* HQCampaign.swift */ = {isa = PBXFileReference; lastKnownFileType = sourcecode.swift; path = HQCampaign.swift; sourceTree = "<group>"; };
		5FE94DD82F9B98CA00004EC8 /* StrategicMode.swift */ = {isa = PBXFileReference; lastKnownFileType = sourcecode.swift; path = StrategicMode.swift; sourceTree = "<group>"; };
		5FE94DDA2F9B98FB00004EC8 /* StrategicNodes.swift */ = {isa = PBXFileReference; lastKnownFileType = sourcecode.swift; path = StrategicNodes.swift; sourceTree = "<group>"; };
		5FF200762EF44FC500B659E7 /* SceneMode.swift */ = {isa = PBXFileReference; lastKnownFileType = sourcecode.swift; path = SceneMode.swift; sourceTree = "<group>"; };
		5FF25F2F2FD19C2C002759A6 /* TacticalMenu.swift */ = {isa = PBXFileReference; lastKnownFileType = sourcecode.swift; path = TacticalMenu.swift; sourceTree = "<group>"; };
		5FF677AE2FD1E18E0004A35D /* AxisUnits.swift */ = {isa = PBXFileReference; lastKnownFileType = sourcecode.swift; path = AxisUnits.swift; sourceTree = "<group>"; };
		5FF677B02FD1E1C40004A35D /* SovietUnits.swift */ = {isa = PBXFileReference; lastKnownFileType = sourcecode.swift; path = SovietUnits.swift; sourceTree = "<group>"; };
		5FF677B22FD1F5E20004A35D /* AlliedUnits.swift */ = {isa = PBXFileReference; lastKnownFileType = sourcecode.swift; path = AlliedUnits.swift; sourceTree = "<group>"; };
		5FF679762F06FB0D00586323 /* TacticalMove.swift */ = {isa = PBXFileReference; lastKnownFileType = sourcecode.swift; path = TacticalMove.swift; sourceTree = "<group>"; };
		5FF7EB3C2EB6428B00E287FF /* MapGeneration.swift */ = {isa = PBXFileReference; lastKnownFileType = sourcecode.swift; path = MapGeneration.swift; sourceTree = "<group>"; };
/* End PBXFileReference section */

/* Begin PBXFrameworksBuildPhase section */
		5F10D2382FCEE14700E6B598 /* Frameworks */ = {
			isa = PBXFrameworksBuildPhase;
			buildActionMask = 2147483647;
			files = (
			);
			runOnlyForDeploymentPostprocessing = 0;
		};
		5F919D292EA9564A0037A208 /* Frameworks */ = {
			isa = PBXFrameworksBuildPhase;
			buildActionMask = 2147483647;
			files = (
				5F10D2412FCEE14700E6B598 /* COR.framework in Frameworks */,
			);
			runOnlyForDeploymentPostprocessing = 0;
		};
		5FB5249C2FACB2990017B672 /* Frameworks */ = {
			isa = PBXFrameworksBuildPhase;
			buildActionMask = 2147483647;
			files = (
			);
			runOnlyForDeploymentPostprocessing = 0;
		};
/* End PBXFrameworksBuildPhase section */

/* Begin PBXGroup section */
		5F10D2282FCEDF0500E6B598 /* Frameworks */ = {
			isa = PBXGroup;
			children = (
			);
			name = Frameworks;
			sourceTree = "<group>";
		};
		5F10D2472FCEE15400E6B598 /* COR */ = {
			isa = PBXGroup;
			children = (
				5FBA4D852EF7048E00D7C1B0 /* Foundation */,
				5F10D2582FCEE39600E6B598 /* Model */,
				5F10D2722FCEF15300E6B598 /* HQ */,
				5F10D25E2FCEE88F00E6B598 /* Tactical */,
				5FBA4D812EF6FF0D00D7C1B0 /* Strategic */,
			);
			path = COR;
			sourceTree = "<group>";
		};
		5F10D2582FCEE39600E6B598 /* Model */ = {
			isa = PBXGroup;
			children = (
				5F10D2812FCEFBCF00E6B598 /* Core.swift */,
				5F5A716C2F24FB790059B314 /* Terrain.swift */,
				5F43D4A42EF051A80046AD2A /* Player.swift */,
				5F2A33B42EA93AC3008A0A95 /* Unit.swift */,
				5F2A33B52EA93AC3008A0A95 /* Units.swift */,
				5FF677AE2FD1E18E0004A35D /* AxisUnits.swift */,
				5FF677B22FD1F5E20004A35D /* AlliedUnits.swift */,
				5FF677B02FD1E1C40004A35D /* SovietUnits.swift */,
				5F2E296C2F10125D0010E6E9 /* Templates.swift */,
				5F10B7E02FD43186004ADE44 /* Shop.swift */,
				5FCABBC92EAA787B008EE894 /* Strings.swift */,
			);
			path = Model;
			sourceTree = "<group>";
		};
		5F10D25E2FCEE88F00E6B598 /* Tactical */ = {
			isa = PBXGroup;
			children = (
				5F168CEF2FC0A1E2004AEFFA /* AI */,
				5F2A33A92EA93AC3008A0A95 /* TacticalState.swift */,
				5F2A33AC2EA93AC3008A0A95 /* TacticalInput.swift */,
				5F2A33AA2EA93AC3008A0A95 /* TacticalAction.swift */,
				5F10D26A2FCEE8E100E6B598 /* TacticalEvent.swift */,
				5FF679762F06FB0D00586323 /* TacticalMove.swift */,
				5F26B9522F7EE565002BBF38 /* TacticalTransport.swift */,
				5FB4D1252EAFABCB0010E702 /* TacticalTurns.swift */,
				5FB4D0D42EAE261E0010E702 /* TacticalAttack.swift */,
				5F2A33AD2EA93AC3008A0A95 /* TacticalShop.swift */,
				5F2A33AE2EA93AC3008A0A95 /* TacticalStateFactory.swift */,
				5F2F5E5D2F8516FB006D4D7A /* TacticalChess.swift */,
				5FF7EB3C2EB6428B00E287FF /* MapGeneration.swift */,
			);
			path = Tactical;
			sourceTree = "<group>";
		};
		5F10D2722FCEF15300E6B598 /* HQ */ = {
			isa = PBXGroup;
			children = (
				5F5560FE2EF5B2B900C08E14 /* HQState.swift */,
				5F649EED2F94E54C00F9CE89 /* HQInput.swift */,
				5F04CAF82F93C72500E7ADBB /* HQAction.swift */,
				5F10D2762FCEF18400E6B598 /* HQEvent.swift */,
			);
			path = HQ;
			sourceTree = "<group>";
		};
		5F168CEF2FC0A1E2004AEFFA /* AI */ = {
			isa = PBXGroup;
			children = (
				5F2A33AB2EA93AC3008A0A95 /* TacticalAI.swift */,
				5F168CF02FC0A572004AEFFA /* SovietAI.swift */,
				5F168CF42FC0AD45004AEFFA /* AxisAI.swift */,
			);
			path = AI;
			sourceTree = "<group>";
		};
		5F2A33A72EA93AC3008A0A95 /* Sounds */ = {
			isa = PBXGroup;
			children = (
				5F2A33A62EA93AC3008A0A95 /* boom-s.wav */,
				5F2A33A52EA93AC3008A0A95 /* boom-m.wav */,
				5F2A33A42EA93AC3008A0A95 /* boom-l.wav */,
				5FCABBC72EAA701D008EE894 /* mov.wav */,
				5F10D2832FCF128B00E6B598 /* getcrew.wav */,
			);
			path = Sounds;
			sourceTree = "<group>";
		};
		5F5560F52EF5ADDB00C08E14 /* Tactical */ = {
			isa = PBXGroup;
			children = (
				5F5560F62EF5AE0F00C08E14 /* TacticalMode.swift */,
				5F2A33BC2EA93AC3008A0A95 /* TacticalNodes.swift */,
				5F2A33B92EA93AC3008A0A95 /* TacticalEvent.swift */,
				5FF25F2F2FD19C2C002759A6 /* TacticalMenu.swift */,
				5F10D2702FCEF02C00E6B598 /* TacticalStatus.swift */,
				5F2A33C02EA93AC3008A0A95 /* UnitSprites.swift */,
			);
			path = Tactical;
			sourceTree = "<group>";
		};
		5F5560F82EF5B04C00C08E14 /* HQ */ = {
			isa = PBXGroup;
			children = (
				5F5560F92EF5B05D00C08E14 /* HQMode.swift */,
				5F5560FB2EF5B0CD00C08E14 /* HQNodes.swift */,
				5F5561042EF5B89B00C08E14 /* HQEvent.swift */,
				5F649EF12F952C6600F9CE89 /* HQNewGame.swift */,
				5F26B9502F7EA89B002BBF38 /* HQScenario.swift */,
				5FE44F1A2F9BC17D00A589F1 /* HQCampaign.swift */,
			);
			path = HQ;
			sourceTree = "<group>";
		};
		5F5A71582F24F9590059B314 /* Scene */ = {
			isa = PBXGroup;
			children = (
				5FF200762EF44FC500B659E7 /* SceneMode.swift */,
				5F2A33C42EA93AC3008A0A95 /* Scene.swift */,
				5F2A33BA2EA93AC3008A0A95 /* SceneInput.swift */,
				5F2A33BB2EA93AC3008A0A95 /* BaseNodes.swift */,
				5F2A33B22EA93AC3008A0A95 /* MenuState.swift */,
				5F389F942FC84CB300F9B86F /* MenuNodes.swift */,
				5FE3C16B2F0C51EE00C522D3 /* MapNodes.swift */,
				5F10D27F2FCEFBB300E6B598 /* Settings.swift */,
				5F2A33BD2EA93AC3008A0A95 /* HIDController.swift */,
				5F2A33BF2EA93AC3008A0A95 /* TileSprites.swift */,
			);
			path = Scene;
			sourceTree = "<group>";
		};
		5F919D4A2EA9579B0037A208 /* PG */ = {
			isa = PBXGroup;
			children = (
				5F5A71582F24F9590059B314 /* Scene */,
				5FE121892F7FCF99001C16A5 /* Networking */,
				5FBA4D842EF7047600D7C1B0 /* Extensions */,
				5F5560F82EF5B04C00C08E14 /* HQ */,
				5FBA4D7C2EF6E24F00D7C1B0 /* Strategic */,
				5F5560F52EF5ADDB00C08E14 /* Tactical */,
				5FB524AB2FAD0ED00017B672 /* Editor */,
				5F2A33A72EA93AC3008A0A95 /* Sounds */,
				5F2A33C32EA93AC3008A0A95 /* Assets.xcassets */,
				5FBA4D7F2EF6FD8800D7C1B0 /* Scenes.swift */,
				5F24DC322EA95FE50085FDDC /* main.swift */,
				5F919D702EA95ADF0037A208 /* Info.plist */,
			);
			path = PG;
			sourceTree = "<group>";
		};
		5FB524A92FACB2C20017B672 /* Tests */ = {
			isa = PBXGroup;
			children = (
				5FB524A82FACB2C20017B672 /* RNGTests.swift */,
				5F7472D32FB347A300EBC354 /* TacticalTests.swift */,
				5F720FA12FBA636600A5E3FF /* TacticalPerformanceTests.swift */,
				5F7472CF2FB346E900EBC354 /* MapGenerationTests.swift */,
			);
			path = Tests;
			sourceTree = "<group>";
		};
		5FB524AB2FAD0ED00017B672 /* Editor */ = {
			isa = PBXGroup;
			children = (
				5FB524AC2FAD0EDE0017B672 /* EditorMode.swift */,
				5FB524AE2FAD10AA0017B672 /* EditorState.swift */,
				5FB524B02FAD111E0017B672 /* EditorNodes.swift */,
			);
			path = Editor;
			sourceTree = "<group>";
		};
		5FB524B32FAD41220017B672 /* docs */ = {
			isa = PBXGroup;
			children = (
				5FB524B22FAD41220017B672 /* Architecture.md */,
				5F7472C92FB3276200EBC354 /* GameMechanics.md */,
				5F7472CB2FB327C200EBC354 /* Map.md */,
				5F7472C82FB10FF700EBC354 /* Roadmap.md */,
				5F7472CD2FB3452300EBC354 /* Map.png */,
				5F7472CE2FB3452300EBC354 /* Map@32x.png */,
			);
			path = docs;
			sourceTree = "<group>";
		};
		5FBA4D7C2EF6E24F00D7C1B0 /* Strategic */ = {
			isa = PBXGroup;
			children = (
				5FE94DD82F9B98CA00004EC8 /* StrategicMode.swift */,
				5FE94DDA2F9B98FB00004EC8 /* StrategicNodes.swift */,
				5FE44F122F9BB9F400A589F1 /* StrategicEvent.swift */,
			);
			path = Strategic;
			sourceTree = "<group>";
		};
		5FBA4D812EF6FF0D00D7C1B0 /* Strategic */ = {
			isa = PBXGroup;
			children = (
				5FBA4D7D2EF6E26200D7C1B0 /* StrategicState.swift */,
				5FE44F162F9BBA3500A589F1 /* StrategicInput.swift */,
				5FE44F142F9BBA1F00A589F1 /* StrategicAction.swift */,
				5F10D27D2FCEF27800E6B598 /* StrategicEvent.swift */,
			);
			path = Strategic;
			sourceTree = "<group>";
		};
		5FBA4D842EF7047600D7C1B0 /* Extensions */ = {
			isa = PBXGroup;
			children = (
				5F10D2852FCF75AD00E6B598 /* UserDefaults.swift */,
				5FBA4D7A2EF6DB7700D7C1B0 /* NotificationCenter.swift */,
				5F2A33BE2EA93AC3008A0A95 /* SpriteKit.swift */,
				5F2E4CC52FC3441800EF7BA3 /* Colors.swift */,
				5F2E4CC72FC3443B00EF7BA3 /* Images.swift */,
			);
			path = Extensions;
			sourceTree = "<group>";
		};
		5FBA4D852EF7048E00D7C1B0 /* Foundation */ = {
			isa = PBXGroup;
			children = (
				5F2A33B32EA93AC3008A0A95 /* Monoid.swift */,
				5F2A33AF2EA93AC3008A0A95 /* XY.swift */,
				5F178BF72FC9A3D4003251A0 /* Shapes.swift */,
				5F2A33A82EA93AC3008A0A95 /* Arrays.swift */,
				5F87CF592F7BD46900BC87CA /* CArray.swift */,
				5F8E87302EB3BEEC0023B28F /* Speicher.swift */,
				5F41DDD42EE32744008FBF17 /* Map.swift */,
				5FA0F0962EF21C3A0022EC68 /* SetXY.swift */,
				5FBA4D822EF7016D00D7C1B0 /* Input.swift */,
				5FAAAA010000000000000002 /* Reaction.swift */,
				5FA0F0982EF2255B0022EC68 /* D20.swift */,
				5F8E87322EB3E1DA0023B28F /* Integers.swift */,
				5F51E5BD2EF308B200A711DF /* Swift.swift */,
			);
			path = Foundation;
			sourceTree = "<group>";
		};
		5FCB86272E77041300C2C69E = {
			isa = PBXGroup;
			children = (
				5FB297482E79A39000FA039B /* README.md */,
				5FB524B32FAD41220017B672 /* docs */,
				5F919D4A2EA9579B0037A208 /* PG */,
				5F10D2472FCEE15400E6B598 /* COR */,
				5FB524A92FACB2C20017B672 /* Tests */,
				5F10D2282FCEDF0500E6B598 /* Frameworks */,
				5FCB86362E77041800C2C69E /* Products */,
			);
			sourceTree = "<group>";
		};
		5FCB86362E77041800C2C69E /* Products */ = {
			isa = PBXGroup;
			children = (
				5F919D2C2EA9564A0037A208 /* PG.app */,
				5FB5249F2FACB2990017B672 /* Tests.xctest */,
				5F10D23B2FCEE14700E6B598 /* COR.framework */,
			);
			name = Products;
			sourceTree = "<group>";
		};
		5FE121892F7FCF99001C16A5 /* Networking */ = {
			isa = PBXGroup;
			children = (
				5FE1218E2F7FE42F001C16A5 /* Server.swift */,
				5FE121902F7FF0B6001C16A5 /* Client.swift */,
				5FE1218A2F7FCFA1001C16A5 /* Connection.swift */,
				5FE1218C2F7FD6CA001C16A5 /* Messages.swift */,
			);
			path = Networking;
			sourceTree = "<group>";
		};
/* End PBXGroup section */

/* Begin PBXHeadersBuildPhase section */
		5F10D2362FCEE14700E6B598 /* Headers */ = {
			isa = PBXHeadersBuildPhase;
			buildActionMask = 2147483647;
			files = (
			);
			runOnlyForDeploymentPostprocessing = 0;
		};
/* End PBXHeadersBuildPhase section */

/* Begin PBXNativeTarget section */
		5F10D23A2FCEE14700E6B598 /* COR */ = {
			isa = PBXNativeTarget;
			buildConfigurationList = 5F10D2432FCEE14700E6B598 /* Build configuration list for PBXNativeTarget "COR" */;
			buildPhases = (
				5F10D2362FCEE14700E6B598 /* Headers */,
				5F10D2372FCEE14700E6B598 /* Sources */,
				5F10D2382FCEE14700E6B598 /* Frameworks */,
				5F10D2392FCEE14700E6B598 /* Resources */,
			);
			buildRules = (
			);
			dependencies = (
			);
			name = COR;
			packageProductDependencies = (
			);
			productName = COR;
			productReference = 5F10D23B2FCEE14700E6B598 /* COR.framework */;
			productType = "com.apple.product-type.framework";
		};
		5F919D2B2EA9564A0037A208 /* PG */ = {
			isa = PBXNativeTarget;
			buildConfigurationList = 5F919D3D2EA9564A0037A208 /* Build configuration list for PBXNativeTarget "PG" */;
			buildPhases = (
				5F919D282EA9564A0037A208 /* Sources */,
				5F919D292EA9564A0037A208 /* Frameworks */,
				5F919D2A2EA9564A0037A208 /* Resources */,
				5F10D2212FCEDEE900E6B598 /* Embed Frameworks */,
			);
			buildRules = (
			);
			dependencies = (
				5F10D2402FCEE14700E6B598 /* PBXTargetDependency */,
			);
			name = PG;
			packageProductDependencies = (
			);
			productName = Hex;
			productReference = 5F919D2C2EA9564A0037A208 /* PG.app */;
			productType = "com.apple.product-type.application";
		};
		5FB5249E2FACB2990017B672 /* Tests */ = {
			isa = PBXNativeTarget;
			buildConfigurationList = 5FB524A72FACB2990017B672 /* Build configuration list for PBXNativeTarget "Tests" */;
			buildPhases = (
				5FB5249B2FACB2990017B672 /* Sources */,
				5FB5249C2FACB2990017B672 /* Frameworks */,
				5FB5249D2FACB2990017B672 /* Resources */,
			);
			buildRules = (
			);
			dependencies = (
				5FB524A42FACB2990017B672 /* PBXTargetDependency */,
			);
			name = Tests;
			packageProductDependencies = (
			);
			productName = Tests;
			productReference = 5FB5249F2FACB2990017B672 /* Tests.xctest */;
			productType = "com.apple.product-type.bundle.unit-test";
		};
/* End PBXNativeTarget section */

/* Begin PBXProject section */
		5FCB86282E77041300C2C69E /* Project object */ = {
			isa = PBXProject;
			attributes = {
				BuildIndependentTargetsInParallel = 1;
				LastSwiftUpdateCheck = 2620;
				LastUpgradeCheck = 2620;
				TargetAttributes = {
					5F10D23A2FCEE14700E6B598 = {
						CreatedOnToolsVersion = 26.2;
					};
					5F919D2B2EA9564A0037A208 = {
						CreatedOnToolsVersion = 26.0.1;
					};
					5FB5249E2FACB2990017B672 = {
						CreatedOnToolsVersion = 26.2;
					};
				};
			};
			buildConfigurationList = 5FCB862B2E77041300C2C69E /* Build configuration list for PBXProject "PG" */;
			developmentRegion = en;
			hasScannedForEncodings = 0;
			knownRegions = (
				en,
				Base,
			);
			mainGroup = 5FCB86272E77041300C2C69E;
			minimizedProjectReferenceProxies = 1;
			preferredProjectObjectVersion = 77;
			productRefGroup = 5FCB86362E77041800C2C69E /* Products */;
			projectDirPath = "";
			projectRoot = "";
			targets = (
				5F919D2B2EA9564A0037A208 /* PG */,
				5F10D23A2FCEE14700E6B598 /* COR */,
				5FB5249E2FACB2990017B672 /* Tests */,
			);
		};
/* End PBXProject section */

/* Begin PBXResourcesBuildPhase section */
		5F10D2392FCEE14700E6B598 /* Resources */ = {
			isa = PBXResourcesBuildPhase;
			buildActionMask = 2147483647;
			files = (
			);
			runOnlyForDeploymentPostprocessing = 0;
		};
		5F919D2A2EA9564A0037A208 /* Resources */ = {
			isa = PBXResourcesBuildPhase;
			buildActionMask = 2147483647;
			files = (
				5F919D6C2EA959FA0037A208 /* boom-l.wav in Resources */,
				5F919D6D2EA959FA0037A208 /* boom-s.wav in Resources */,
				5F919D6F2EA959FD0037A208 /* Assets.xcassets in Resources */,
				5FCABBC82EAA701D008EE894 /* mov.wav in Resources */,
				5F10D2842FCF128B00E6B598 /* getcrew.wav in Resources */,
				5F919D6E2EA959FA0037A208 /* boom-m.wav in Resources */,
			);
			runOnlyForDeploymentPostprocessing = 0;
		};
		5FB5249D2FACB2990017B672 /* Resources */ = {
			isa = PBXResourcesBuildPhase;
			buildActionMask = 2147483647;
			files = (
			);
			runOnlyForDeploymentPostprocessing = 0;
		};
/* End PBXResourcesBuildPhase section */

/* Begin PBXSourcesBuildPhase section */
		5F10D2372FCEE14700E6B598 /* Sources */ = {
			isa = PBXSourcesBuildPhase;
			buildActionMask = 2147483647;
			files = (
				5F10D2492FCEE19000E6B598 /* Arrays.swift in Sources */,
				5F10D26F2FCEECB900E6B598 /* Strings.swift in Sources */,
				5F10D27E2FCEF27800E6B598 /* StrategicEvent.swift in Sources */,
				5F10D26C2FCEEA0600E6B598 /* SovietAI.swift in Sources */,
				5F10D26D2FCEEA0600E6B598 /* TacticalAI.swift in Sources */,
				5F10D2822FCEFBCF00E6B598 /* Core.swift in Sources */,
				5F10D26E2FCEEA0600E6B598 /* AxisAI.swift in Sources */,
				5F10D24A2FCEE19000E6B598 /* D20.swift in Sources */,
				5F10D2542FCEE24500E6B598 /* Integers.swift in Sources */,
				5F10D24B2FCEE19000E6B598 /* Map.swift in Sources */,
				5F10D24C2FCEE19000E6B598 /* Input.swift in Sources */,
				5FAAAA010000000000000001 /* Reaction.swift in Sources */,
				5F10D24D2FCEE19000E6B598 /* CArray.swift in Sources */,
				5F10D24E2FCEE19000E6B598 /* Speicher.swift in Sources */,
				5F10D2532FCEE21000E6B598 /* Swift.swift in Sources */,
				5F10D24F2FCEE19000E6B598 /* SetXY.swift in Sources */,
				5FF677B32FD1F5E50004A35D /* AlliedUnits.swift in Sources */,
				5F10D25F2FCEE89D00E6B598 /* TacticalAttack.swift in Sources */,
				5F10D2602FCEE89D00E6B598 /* TacticalState.swift in Sources */,
				5F10D2612FCEE89D00E6B598 /* TacticalChess.swift in Sources */,
				5F10D2622FCEE89D00E6B598 /* TacticalAction.swift in Sources */,
				5F10D2632FCEE89D00E6B598 /* TacticalShop.swift in Sources */,
				5F10B7E12FD43187004ADE44 /* Shop.swift in Sources */,
				5F10D2642FCEE89D00E6B598 /* MapGeneration.swift in Sources */,
				5FF677B12FD1E1C70004A35D /* SovietUnits.swift in Sources */,
				5F10D2772FCEF18400E6B598 /* HQEvent.swift in Sources */,
				5F10D2652FCEE89D00E6B598 /* TacticalMove.swift in Sources */,
				5F10D2662FCEE89D00E6B598 /* TacticalTurns.swift in Sources */,
				5F10D2672FCEE89D00E6B598 /* TacticalInput.swift in Sources */,
				5F10D2682FCEE89D00E6B598 /* TacticalStateFactory.swift in Sources */,
				5F10D2692FCEE89D00E6B598 /* TacticalTransport.swift in Sources */,
				5F10D2782FCEF22F00E6B598 /* StrategicState.swift in Sources */,
				5F10D2792FCEF22F00E6B598 /* StrategicInput.swift in Sources */,
				5F10D27A2FCEF22F00E6B598 /* StrategicAction.swift in Sources */,
				5F10D2502FCEE19000E6B598 /* Monoid.swift in Sources */,
				5F10D2512FCEE19000E6B598 /* Shapes.swift in Sources */,
				5F10D2592FCEE3B100E6B598 /* Unit.swift in Sources */,
				5F10D25A2FCEE3B100E6B598 /* Templates.swift in Sources */,
				5F10D25B2FCEE3B100E6B598 /* Player.swift in Sources */,
				5F10D25C2FCEE3B100E6B598 /* Units.swift in Sources */,
				5F10D25D2FCEE3B100E6B598 /* Terrain.swift in Sources */,
				5F10D2732FCEF17800E6B598 /* HQInput.swift in Sources */,
				5F10D2742FCEF17800E6B598 /* HQAction.swift in Sources */,
				5F10D2752FCEF17800E6B598 /* HQState.swift in Sources */,
				5FF677AF2FD1E1910004A35D /* AxisUnits.swift in Sources */,
				5F10D26B2FCEE8E100E6B598 /* TacticalEvent.swift in Sources */,
				5F10D2522FCEE19000E6B598 /* XY.swift in Sources */,
			);
			runOnlyForDeploymentPostprocessing = 0;
		};
		5F919D282EA9564A0037A208 /* Sources */ = {
			isa = PBXSourcesBuildPhase;
			buildActionMask = 2147483647;
			files = (
				5FE1218B2F7FCFA1001C16A5 /* Connection.swift in Sources */,
				5F2E4CC62FC3441A00EF7BA3 /* Colors.swift in Sources */,
				5FE3C16C2F0C51EE00C522D3 /* MapNodes.swift in Sources */,
				5FF200772EF44FC500B659E7 /* SceneMode.swift in Sources */,
				5F919D542EA959670037A208 /* HIDController.swift in Sources */,
				5F5561052EF5B89B00C08E14 /* HQEvent.swift in Sources */,
				5FE44F1B2F9BC18300A589F1 /* HQCampaign.swift in Sources */,
				5F919D642EA9596E0037A208 /* MenuState.swift in Sources */,
				5F5560FA2EF5B05D00C08E14 /* HQMode.swift in Sources */,
				5F649EF22F952C6900F9CE89 /* HQNewGame.swift in Sources */,
				5FB524AF2FAD10AA0017B672 /* EditorState.swift in Sources */,
				5F24DC332EA95FE60085FDDC /* main.swift in Sources */,
				5FE94DDB2F9B990500004EC8 /* StrategicNodes.swift in Sources */,
				5FE121912F7FF0B6001C16A5 /* Client.swift in Sources */,
				5F389F952FC84CB800F9B86F /* MenuNodes.swift in Sources */,
				5F5560FC2EF5B0CF00C08E14 /* HQNodes.swift in Sources */,
				5FB524B12FAD111F0017B672 /* EditorNodes.swift in Sources */,
				5F10D2862FCF75AD00E6B598 /* UserDefaults.swift in Sources */,
				5FF25F302FD19C32002759A6 /* TacticalMenu.swift in Sources */,
				5F26B9512F7EA8A0002BBF38 /* HQScenario.swift in Sources */,
				5F10D2802FCEFBB300E6B598 /* Settings.swift in Sources */,
				5FE1218F2F7FE42F001C16A5 /* Server.swift in Sources */,
				5FE1218D2F7FD6CD001C16A5 /* Messages.swift in Sources */,
				5FE44F132F9BB9F900A589F1 /* StrategicEvent.swift in Sources */,
				5F5560F72EF5AE0F00C08E14 /* TacticalMode.swift in Sources */,
				5F919D562EA959670037A208 /* UnitSprites.swift in Sources */,
				5FB524AD2FAD0EE10017B672 /* EditorMode.swift in Sources */,
				5F2E4CC82FC3443D00EF7BA3 /* Images.swift in Sources */,
				5FBA4D7B2EF6DB7900D7C1B0 /* NotificationCenter.swift in Sources */,
				5F10D2712FCEF03000E6B598 /* TacticalStatus.swift in Sources */,
				5F919D572EA959670037A208 /* TacticalNodes.swift in Sources */,
				5F919D582EA959670037A208 /* SceneInput.swift in Sources */,
				5FBA4D802EF6FD8900D7C1B0 /* Scenes.swift in Sources */,
				5FE94DD92F9B98DB00004EC8 /* StrategicMode.swift in Sources */,
				5F919D5A2EA959670037A208 /* TileSprites.swift in Sources */,
				5F919D5B2EA959670037A208 /* TacticalEvent.swift in Sources */,
				5F919D5C2EA959670037A208 /* SpriteKit.swift in Sources */,
				5F919D5D2EA959670037A208 /* BaseNodes.swift in Sources */,
				5F919D532EA9595D0037A208 /* Scene.swift in Sources */,
			);
			runOnlyForDeploymentPostprocessing = 0;
		};
		5FB5249B2FACB2990017B672 /* Sources */ = {
			isa = PBXSourcesBuildPhase;
			buildActionMask = 2147483647;
			files = (
				5F7472D02FB346E900EBC354 /* MapGenerationTests.swift in Sources */,
				5F720F9B2FBA636600A5E3FD /* TacticalTests.swift in Sources */,
				5F720FA02FBA636600A5E3FE /* TacticalPerformanceTests.swift in Sources */,
				5FB524AA2FACB2C20017B672 /* RNGTests.swift in Sources */,
			);
			runOnlyForDeploymentPostprocessing = 0;
		};
/* End PBXSourcesBuildPhase section */

/* Begin PBXTargetDependency section */
		5F10D2402FCEE14700E6B598 /* PBXTargetDependency */ = {
			isa = PBXTargetDependency;
			target = 5F10D23A2FCEE14700E6B598 /* COR */;
			targetProxy = 5F10D23F2FCEE14700E6B598 /* PBXContainerItemProxy */;
		};
		5FB524A42FACB2990017B672 /* PBXTargetDependency */ = {
			isa = PBXTargetDependency;
			target = 5F919D2B2EA9564A0037A208 /* PG */;
			targetProxy = 5FB524A32FACB2990017B672 /* PBXContainerItemProxy */;
		};
/* End PBXTargetDependency section */

/* Begin XCBuildConfiguration section */
		5F10D2442FCEE14700E6B598 /* Debug */ = {
			isa = XCBuildConfiguration;
			buildSettings = {
				BUILD_LIBRARY_FOR_DISTRIBUTION = YES;
				CODE_SIGN_STYLE = Automatic;
				COMBINE_HIDPI_IMAGES = YES;
				CURRENT_PROJECT_VERSION = 1;
				DYLIB_COMPATIBILITY_VERSION = 1;
				DYLIB_CURRENT_VERSION = 1;
				DYLIB_INSTALL_NAME_BASE = "@rpath";
				ENABLE_MODULE_VERIFIER = YES;
				GENERATE_INFOPLIST_FILE = YES;
				INFOPLIST_KEY_NSHumanReadableCopyright = "";
				INSTALL_PATH = "$(LOCAL_LIBRARY_DIR)/Frameworks";
				LD_RUNPATH_SEARCH_PATHS = (
					"$(inherited)",
					"@executable_path/../Frameworks",
					"@loader_path/Frameworks",
				);
				MARKETING_VERSION = 1.0;
				MODULE_VERIFIER_SUPPORTED_LANGUAGES = "objective-c objective-c++";
				MODULE_VERIFIER_SUPPORTED_LANGUAGE_STANDARDS = "gnu17 gnu++20";
				PRODUCT_BUNDLE_IDENTIFIER = poed.COR;
				PRODUCT_NAME = "$(TARGET_NAME:c99extidentifier)";
				SKIP_INSTALL = YES;
				STRING_CATALOG_GENERATE_SYMBOLS = YES;
				SWIFT_APPROACHABLE_CONCURRENCY = YES;
				SWIFT_EMIT_LOC_STRINGS = YES;
				SWIFT_INSTALL_MODULE = YES;
				SWIFT_INSTALL_OBJC_HEADER = NO;
				SWIFT_OPTIMIZATION_LEVEL = "-O";
				SWIFT_UPCOMING_FEATURE_MEMBER_IMPORT_VISIBILITY = YES;
				SWIFT_VERSION = 5.0;
				VERSIONING_SYSTEM = "apple-generic";
				VERSION_INFO_PREFIX = "";
			};
			name = Debug;
		};
		5F10D2452FCEE14700E6B598 /* Release */ = {
			isa = XCBuildConfiguration;
			buildSettings = {
				BUILD_LIBRARY_FOR_DISTRIBUTION = YES;
				CODE_SIGN_STYLE = Automatic;
				COMBINE_HIDPI_IMAGES = YES;
				CURRENT_PROJECT_VERSION = 1;
				DYLIB_COMPATIBILITY_VERSION = 1;
				DYLIB_CURRENT_VERSION = 1;
				DYLIB_INSTALL_NAME_BASE = "@rpath";
				ENABLE_MODULE_VERIFIER = YES;
				GENERATE_INFOPLIST_FILE = YES;
				INFOPLIST_KEY_NSHumanReadableCopyright = "";
				INSTALL_PATH = "$(LOCAL_LIBRARY_DIR)/Frameworks";
				LD_RUNPATH_SEARCH_PATHS = (
					"$(inherited)",
					"@executable_path/../Frameworks",
					"@loader_path/Frameworks",
				);
				MARKETING_VERSION = 1.0;
				MODULE_VERIFIER_SUPPORTED_LANGUAGES = "objective-c objective-c++";
				MODULE_VERIFIER_SUPPORTED_LANGUAGE_STANDARDS = "gnu17 gnu++20";
				PRODUCT_BUNDLE_IDENTIFIER = poed.COR;
				PRODUCT_NAME = "$(TARGET_NAME:c99extidentifier)";
				SKIP_INSTALL = YES;
				STRING_CATALOG_GENERATE_SYMBOLS = YES;
				SWIFT_APPROACHABLE_CONCURRENCY = YES;
				SWIFT_EMIT_LOC_STRINGS = YES;
				SWIFT_INSTALL_MODULE = YES;
				SWIFT_INSTALL_OBJC_HEADER = NO;
				SWIFT_UPCOMING_FEATURE_MEMBER_IMPORT_VISIBILITY = YES;
				SWIFT_VERSION = 5.0;
				VERSIONING_SYSTEM = "apple-generic";
				VERSION_INFO_PREFIX = "";
			};
			name = Release;
		};
		5F919D3E2EA9564A0037A208 /* Debug */ = {
			isa = XCBuildConfiguration;
			buildSettings = {
				ASSETCATALOG_COMPILER_APPICON_NAME = AppIcon;
				ASSETCATALOG_COMPILER_GLOBAL_ACCENT_COLOR_NAME = AccentColor;
				CODE_SIGN_STYLE = Automatic;
				COMBINE_HIDPI_IMAGES = YES;
				CURRENT_PROJECT_VERSION = 1;
				ENABLE_APP_SANDBOX = YES;
				ENABLE_INCOMING_NETWORK_CONNECTIONS = YES;
				ENABLE_OUTGOING_NETWORK_CONNECTIONS = YES;
				ENABLE_RESOURCE_ACCESS_AUDIO_INPUT = NO;
				ENABLE_RESOURCE_ACCESS_BLUETOOTH = NO;
				ENABLE_RESOURCE_ACCESS_CALENDARS = NO;
				ENABLE_RESOURCE_ACCESS_CAMERA = NO;
				ENABLE_RESOURCE_ACCESS_CONTACTS = NO;
				ENABLE_RESOURCE_ACCESS_LOCATION = NO;
				ENABLE_RESOURCE_ACCESS_PRINTING = NO;
				ENABLE_RESOURCE_ACCESS_USB = NO;
				ENABLE_USER_SELECTED_FILES = readonly;
				INFOPLIST_FILE = PG/Info.plist;
				INFOPLIST_KEY_CFBundleDisplayName = "Pixel General";
				INFOPLIST_KEY_GCSupportsControllerUserInteraction = YES;
				INFOPLIST_KEY_LSApplicationCategoryType = "public.app-category.strategy-games";
				INFOPLIST_KEY_NSHumanReadableCopyright = "";
				MARKETING_VERSION = 1.0;
				PRODUCT_BUNDLE_IDENTIFIER = p0.pg;
				PRODUCT_NAME = "$(TARGET_NAME)";
				REGISTER_APP_GROUPS = YES;
				STRING_CATALOG_GENERATE_SYMBOLS = YES;
				SWIFT_EMIT_LOC_STRINGS = YES;
				SWIFT_STRICT_CONCURRENCY = complete;
				SWIFT_STRICT_MEMORY_SAFETY = YES;
				SWIFT_UPCOMING_FEATURE_MEMBER_IMPORT_VISIBILITY = YES;
				SWIFT_VERSION = 5.0;
			};
			name = Debug;
		};
		5F919D3F2EA9564A0037A208 /* Release */ = {
			isa = XCBuildConfiguration;
			buildSettings = {
				ASSETCATALOG_COMPILER_APPICON_NAME = AppIcon;
				ASSETCATALOG_COMPILER_GLOBAL_ACCENT_COLOR_NAME = AccentColor;
				CODE_SIGN_STYLE = Automatic;
				COMBINE_HIDPI_IMAGES = YES;
				CURRENT_PROJECT_VERSION = 1;
				ENABLE_APP_SANDBOX = YES;
				ENABLE_INCOMING_NETWORK_CONNECTIONS = YES;
				ENABLE_OUTGOING_NETWORK_CONNECTIONS = YES;
				ENABLE_RESOURCE_ACCESS_AUDIO_INPUT = NO;
				ENABLE_RESOURCE_ACCESS_BLUETOOTH = NO;
				ENABLE_RESOURCE_ACCESS_CALENDARS = NO;
				ENABLE_RESOURCE_ACCESS_CAMERA = NO;
				ENABLE_RESOURCE_ACCESS_CONTACTS = NO;
				ENABLE_RESOURCE_ACCESS_LOCATION = NO;
				ENABLE_RESOURCE_ACCESS_PRINTING = NO;
				ENABLE_RESOURCE_ACCESS_USB = NO;
				ENABLE_USER_SELECTED_FILES = readonly;
				INFOPLIST_FILE = PG/Info.plist;
				INFOPLIST_KEY_CFBundleDisplayName = "Pixel General";
				INFOPLIST_KEY_GCSupportsControllerUserInteraction = YES;
				INFOPLIST_KEY_LSApplicationCategoryType = "public.app-category.strategy-games";
				INFOPLIST_KEY_NSHumanReadableCopyright = "";
				MARKETING_VERSION = 1.0;
				PRODUCT_BUNDLE_IDENTIFIER = p0.pg;
				PRODUCT_NAME = "$(TARGET_NAME)";
				REGISTER_APP_GROUPS = YES;
				STRING_CATALOG_GENERATE_SYMBOLS = YES;
				SWIFT_EMIT_LOC_STRINGS = YES;
				SWIFT_STRICT_CONCURRENCY = complete;
				SWIFT_STRICT_MEMORY_SAFETY = YES;
				SWIFT_UPCOMING_FEATURE_MEMBER_IMPORT_VISIBILITY = YES;
				SWIFT_VERSION = 5.0;
			};
			name = Release;
		};
		5FB524A52FACB2990017B672 /* Debug */ = {
			isa = XCBuildConfiguration;
			buildSettings = {
				CODE_SIGN_STYLE = Automatic;
				CURRENT_PROJECT_VERSION = 1;
				DEVELOPMENT_TEAM = "";
				GENERATE_INFOPLIST_FILE = YES;
				MARKETING_VERSION = 1.0;
				PRODUCT_BUNDLE_IDENTIFIER = p0.pg.tests;
				PRODUCT_NAME = "$(TARGET_NAME)";
				STRING_CATALOG_GENERATE_SYMBOLS = NO;
				SWIFT_APPROACHABLE_CONCURRENCY = YES;
				SWIFT_EMIT_LOC_STRINGS = NO;
				SWIFT_OPTIMIZATION_LEVEL = "-O";
				SWIFT_UPCOMING_FEATURE_MEMBER_IMPORT_VISIBILITY = YES;
				SWIFT_VERSION = 5.0;
			};
			name = Debug;
		};
		5FB524A62FACB2990017B672 /* Release */ = {
			isa = XCBuildConfiguration;
			buildSettings = {
				CODE_SIGN_STYLE = Automatic;
				CURRENT_PROJECT_VERSION = 1;
				DEVELOPMENT_TEAM = "";
				GENERATE_INFOPLIST_FILE = YES;
				MARKETING_VERSION = 1.0;
				PRODUCT_BUNDLE_IDENTIFIER = p0.pg.tests;
				PRODUCT_NAME = "$(TARGET_NAME)";
				STRING_CATALOG_GENERATE_SYMBOLS = NO;
				SWIFT_APPROACHABLE_CONCURRENCY = YES;
				SWIFT_EMIT_LOC_STRINGS = NO;
				SWIFT_UPCOMING_FEATURE_MEMBER_IMPORT_VISIBILITY = YES;
				SWIFT_VERSION = 5.0;
			};
			name = Release;
		};
		5FCB86782E77041800C2C69E /* Debug */ = {
			isa = XCBuildConfiguration;
			buildSettings = {
				ALWAYS_SEARCH_USER_PATHS = NO;
				ASSETCATALOG_COMPILER_GENERATE_SWIFT_ASSET_SYMBOL_EXTENSIONS = YES;
				CLANG_ANALYZER_NONNULL = YES;
				CLANG_ANALYZER_NUMBER_OBJECT_CONVERSION = YES_AGGRESSIVE;
				CLANG_CXX_LANGUAGE_STANDARD = "gnu++20";
				CLANG_ENABLE_MODULES = YES;
				CLANG_ENABLE_OBJC_ARC = YES;
				CLANG_ENABLE_OBJC_WEAK = YES;
				CLANG_WARN_BLOCK_CAPTURE_AUTORELEASING = YES;
				CLANG_WARN_BOOL_CONVERSION = YES;
				CLANG_WARN_COMMA = YES;
				CLANG_WARN_CONSTANT_CONVERSION = YES;
				CLANG_WARN_DEPRECATED_OBJC_IMPLEMENTATIONS = YES;
				CLANG_WARN_DIRECT_OBJC_ISA_USAGE = YES_ERROR;
				CLANG_WARN_DOCUMENTATION_COMMENTS = YES;
				CLANG_WARN_EMPTY_BODY = YES;
				CLANG_WARN_ENUM_CONVERSION = YES;
				CLANG_WARN_INFINITE_RECURSION = YES;
				CLANG_WARN_INT_CONVERSION = YES;
				CLANG_WARN_NON_LITERAL_NULL_CONVERSION = YES;
				CLANG_WARN_OBJC_IMPLICIT_RETAIN_SELF = YES;
				CLANG_WARN_OBJC_LITERAL_CONVERSION = YES;
				CLANG_WARN_OBJC_ROOT_CLASS = YES_ERROR;
				CLANG_WARN_QUOTED_INCLUDE_IN_FRAMEWORK_HEADER = YES;
				CLANG_WARN_RANGE_LOOP_ANALYSIS = YES;
				CLANG_WARN_STRICT_PROTOTYPES = YES;
				CLANG_WARN_SUSPICIOUS_MOVE = YES;
				CLANG_WARN_UNGUARDED_AVAILABILITY = YES_AGGRESSIVE;
				CLANG_WARN_UNREACHABLE_CODE = YES;
				CLANG_WARN__DUPLICATE_METHOD_MATCH = YES;
				COPY_PHASE_STRIP = NO;
				DEAD_CODE_STRIPPING = YES;
				DEBUG_INFORMATION_FORMAT = dwarf;
				ENABLE_STRICT_OBJC_MSGSEND = YES;
				ENABLE_TESTABILITY = YES;
				ENABLE_USER_SCRIPT_SANDBOXING = YES;
				GCC_C_LANGUAGE_STANDARD = gnu17;
				GCC_DYNAMIC_NO_PIC = NO;
				GCC_NO_COMMON_BLOCKS = YES;
				GCC_OPTIMIZATION_LEVEL = 0;
				GCC_PREPROCESSOR_DEFINITIONS = (
					"DEBUG=1",
					"$(inherited)",
				);
				GCC_WARN_64_TO_32_BIT_CONVERSION = YES;
				GCC_WARN_ABOUT_RETURN_TYPE = YES_ERROR;
				GCC_WARN_UNDECLARED_SELECTOR = YES;
				GCC_WARN_UNINITIALIZED_AUTOS = YES_AGGRESSIVE;
				GCC_WARN_UNUSED_FUNCTION = YES;
				GCC_WARN_UNUSED_VARIABLE = YES;
				IPHONEOS_DEPLOYMENT_TARGET = 26.0;
				LOCALIZATION_PREFERS_STRING_CATALOGS = YES;
				MACOSX_DEPLOYMENT_TARGET = 26.0;
				MTL_ENABLE_DEBUG_INFO = INCLUDE_SOURCE;
				MTL_FAST_MATH = YES;
				ONLY_ACTIVE_ARCH = YES;
				PRODUCT_BUNDLE_IDENTIFIER = p0.pg;
				SDKROOT = macosx;
				STRING_CATALOG_GENERATE_SYMBOLS = YES;
				SWIFT_ACTIVE_COMPILATION_CONDITIONS = "DEBUG $(inherited)";
				SWIFT_OPTIMIZATION_LEVEL = "-Onone";
				SWIFT_STRICT_MEMORY_SAFETY = YES;
				SWIFT_VERSION = 6.0;
				TVOS_DEPLOYMENT_TARGET = 26.0;
				XROS_DEPLOYMENT_TARGET = 26.0;
			};
			name = Debug;
		};
		5FCB86792E77041800C2C69E /* Release */ = {
			isa = XCBuildConfiguration;
			buildSettings = {
				ALWAYS_SEARCH_USER_PATHS = NO;
				ASSETCATALOG_COMPILER_GENERATE_SWIFT_ASSET_SYMBOL_EXTENSIONS = YES;
				CLANG_ANALYZER_NONNULL = YES;
				CLANG_ANALYZER_NUMBER_OBJECT_CONVERSION = YES_AGGRESSIVE;
				CLANG_CXX_LANGUAGE_STANDARD = "gnu++20";
				CLANG_ENABLE_MODULES = YES;
				CLANG_ENABLE_OBJC_ARC = YES;
				CLANG_ENABLE_OBJC_WEAK = YES;
				CLANG_WARN_BLOCK_CAPTURE_AUTORELEASING = YES;
				CLANG_WARN_BOOL_CONVERSION = YES;
				CLANG_WARN_COMMA = YES;
				CLANG_WARN_CONSTANT_CONVERSION = YES;
				CLANG_WARN_DEPRECATED_OBJC_IMPLEMENTATIONS = YES;
				CLANG_WARN_DIRECT_OBJC_ISA_USAGE = YES_ERROR;
				CLANG_WARN_DOCUMENTATION_COMMENTS = YES;
				CLANG_WARN_EMPTY_BODY = YES;
				CLANG_WARN_ENUM_CONVERSION = YES;
				CLANG_WARN_INFINITE_RECURSION = YES;
				CLANG_WARN_INT_CONVERSION = YES;
				CLANG_WARN_NON_LITERAL_NULL_CONVERSION = YES;
				CLANG_WARN_OBJC_IMPLICIT_RETAIN_SELF = YES;
				CLANG_WARN_OBJC_LITERAL_CONVERSION = YES;
				CLANG_WARN_OBJC_ROOT_CLASS = YES_ERROR;
				CLANG_WARN_QUOTED_INCLUDE_IN_FRAMEWORK_HEADER = YES;
				CLANG_WARN_RANGE_LOOP_ANALYSIS = YES;
				CLANG_WARN_STRICT_PROTOTYPES = YES;
				CLANG_WARN_SUSPICIOUS_MOVE = YES;
				CLANG_WARN_UNGUARDED_AVAILABILITY = YES_AGGRESSIVE;
				CLANG_WARN_UNREACHABLE_CODE = YES;
				CLANG_WARN__DUPLICATE_METHOD_MATCH = YES;
				COPY_PHASE_STRIP = NO;
				DEAD_CODE_STRIPPING = YES;
				DEBUG_INFORMATION_FORMAT = "dwarf-with-dsym";
				ENABLE_NS_ASSERTIONS = NO;
				ENABLE_STRICT_OBJC_MSGSEND = YES;
				ENABLE_USER_SCRIPT_SANDBOXING = YES;
				GCC_C_LANGUAGE_STANDARD = gnu17;
				GCC_NO_COMMON_BLOCKS = YES;
				GCC_WARN_64_TO_32_BIT_CONVERSION = YES;
				GCC_WARN_ABOUT_RETURN_TYPE = YES_ERROR;
				GCC_WARN_UNDECLARED_SELECTOR = YES;
				GCC_WARN_UNINITIALIZED_AUTOS = YES_AGGRESSIVE;
				GCC_WARN_UNUSED_FUNCTION = YES;
				GCC_WARN_UNUSED_VARIABLE = YES;
				IPHONEOS_DEPLOYMENT_TARGET = 26.0;
				LOCALIZATION_PREFERS_STRING_CATALOGS = YES;
				MACOSX_DEPLOYMENT_TARGET = 26.0;
				MTL_ENABLE_DEBUG_INFO = NO;
				MTL_FAST_MATH = YES;
				PRODUCT_BUNDLE_IDENTIFIER = p0.pg;
				SDKROOT = macosx;
				STRING_CATALOG_GENERATE_SYMBOLS = YES;
				SWIFT_COMPILATION_MODE = wholemodule;
				SWIFT_STRICT_MEMORY_SAFETY = YES;
				SWIFT_VERSION = 6.0;
				TVOS_DEPLOYMENT_TARGET = 26.0;
				XROS_DEPLOYMENT_TARGET = 26.0;
			};
			name = Release;
		};
/* End XCBuildConfiguration section */

/* Begin XCConfigurationList section */
		5F10D2432FCEE14700E6B598 /* Build configuration list for PBXNativeTarget "COR" */ = {
			isa = XCConfigurationList;
			buildConfigurations = (
				5F10D2442FCEE14700E6B598 /* Debug */,
				5F10D2452FCEE14700E6B598 /* Release */,
			);
			defaultConfigurationIsVisible = 0;
			defaultConfigurationName = Release;
		};
		5F919D3D2EA9564A0037A208 /* Build configuration list for PBXNativeTarget "PG" */ = {
			isa = XCConfigurationList;
			buildConfigurations = (
				5F919D3E2EA9564A0037A208 /* Debug */,
				5F919D3F2EA9564A0037A208 /* Release */,
			);
			defaultConfigurationIsVisible = 0;
			defaultConfigurationName = Release;
		};
		5FB524A72FACB2990017B672 /* Build configuration list for PBXNativeTarget "Tests" */ = {
			isa = XCConfigurationList;
			buildConfigurations = (
				5FB524A52FACB2990017B672 /* Debug */,
				5FB524A62FACB2990017B672 /* Release */,
			);
			defaultConfigurationIsVisible = 0;
			defaultConfigurationName = Release;
		};
		5FCB862B2E77041300C2C69E /* Build configuration list for PBXProject "PG" */ = {
			isa = XCConfigurationList;
			buildConfigurations = (
				5FCB86782E77041800C2C69E /* Debug */,
				5FCB86792E77041800C2C69E /* Release */,
			);
			defaultConfigurationIsVisible = 0;
			defaultConfigurationName = Release;
		};
/* End XCConfigurationList section */
	};
	rootObject = 5FCB86282E77041300C2C69E /* Project object */;
}
